// !$*UTF8*$!
{
	archiveVersion = 1;
	classes = {
	};
	objectVersion = 56;
	objects = {

/* Begin PBXBuildFile section */
		CE0589C52AD4543300DE987F /* ImageCachingManager.swift in Sources */ = {isa = PBXBuildFile; fileRef = CE0589C42AD4543300DE987F /* ImageCachingManager.swift */; };
		CE0589C72AD5AD1D00DE987F /* Router.swift in Sources */ = {isa = PBXBuildFile; fileRef = CE0589C62AD5AD1D00DE987F /* Router.swift */; };
		CE0589CC2AD6C56200DE987F /* SearchDetailView.swift in Sources */ = {isa = PBXBuildFile; fileRef = CE0589CB2AD6C56200DE987F /* SearchDetailView.swift */; };
		CE0589CE2AD6C63400DE987F /* SearchDetailViewModel.swift in Sources */ = {isa = PBXBuildFile; fileRef = CE0589CD2AD6C63400DE987F /* SearchDetailViewModel.swift */; };
		CE0589D62AD6E92D00DE987F /* SeriesDescriptionCell.swift in Sources */ = {isa = PBXBuildFile; fileRef = CE0589D52AD6E92D00DE987F /* SeriesDescriptionCell.swift */; };
		CE1A6B4A2AAF4D6B00B495EB /* BaseTabBarController.swift in Sources */ = {isa = PBXBuildFile; fileRef = CE1A6B492AAF4D6B00B495EB /* BaseTabBarController.swift */; };
		CE1A6B4D2AAF515000B495EB /* Colors.swift in Sources */ = {isa = PBXBuildFile; fileRef = CE1A6B4C2AAF515000B495EB /* Colors.swift */; };
		CE1A6B532AAF5F4700B495EB /* SeriesViewController.swift in Sources */ = {isa = PBXBuildFile; fileRef = CE1A6B522AAF5F4700B495EB /* SeriesViewController.swift */; };
		CE1A6B672AB08C9D00B495EB /* Series.swift in Sources */ = {isa = PBXBuildFile; fileRef = CE1A6B662AB08C9D00B495EB /* Series.swift */; };
		CE1A6B6A2AB0921D00B495EB /* WatchingNowViewModel.swift in Sources */ = {isa = PBXBuildFile; fileRef = CE1A6B692AB0921D00B495EB /* WatchingNowViewModel.swift */; };
		CE2E1FC02AD0104B00E0FC3B /* SeriesImageView.swift in Sources */ = {isa = PBXBuildFile; fileRef = CE2E1FBF2AD0104B00E0FC3B /* SeriesImageView.swift */; };
		CE2E1FC22AD011BD00E0FC3B /* VerticalStackView.swift in Sources */ = {isa = PBXBuildFile; fileRef = CE2E1FC12AD011BD00E0FC3B /* VerticalStackView.swift */; };
		CE2E1FC42AD011CE00E0FC3B /* HorizontalStackView.swift in Sources */ = {isa = PBXBuildFile; fileRef = CE2E1FC32AD011CE00E0FC3B /* HorizontalStackView.swift */; };
		CE2E1FC62AD0144400E0FC3B /* SeriesProgressView.swift in Sources */ = {isa = PBXBuildFile; fileRef = CE2E1FC52AD0144400E0FC3B /* SeriesProgressView.swift */; };
		CE2FD5FF2AF547EE0036EF6A /* SeriesData.swift in Sources */ = {isa = PBXBuildFile; fileRef = CE2FD5FE2AF547EE0036EF6A /* SeriesData.swift */; };
		CE54A4B22AF68DAE003D84C2 /* SeriesProgress.swift in Sources */ = {isa = PBXBuildFile; fileRef = CE54A4B12AF68DAE003D84C2 /* SeriesProgress.swift */; };
		CE58DBDE2AD99302004CBB4B /* Images.swift in Sources */ = {isa = PBXBuildFile; fileRef = CE58DBDD2AD99302004CBB4B /* Images.swift */; };
		CE65E9642ABCC209009E38E8 /* Builder.swift in Sources */ = {isa = PBXBuildFile; fileRef = CE65E9632ABCC209009E38E8 /* Builder.swift */; };
		CE6C3D2D2AF3C657004DACF9 /* ShowMoreButton.swift in Sources */ = {isa = PBXBuildFile; fileRef = CE6C3D2C2AF3C657004DACF9 /* ShowMoreButton.swift */; };
		CE6C3D302AF3D18D004DACF9 /* Realm in Frameworks */ = {isa = PBXBuildFile; productRef = CE6C3D2F2AF3D18D004DACF9 /* Realm */; };
		CE6C3D322AF3D18D004DACF9 /* RealmSwift in Frameworks */ = {isa = PBXBuildFile; productRef = CE6C3D312AF3D18D004DACF9 /* RealmSwift */; };
		CE7208332AE0362F0005C16E /* DataStoreManager.swift in Sources */ = {isa = PBXBuildFile; fileRef = CE7208322AE0362F0005C16E /* DataStoreManager.swift */; };
		CE7208372AE150DB0005C16E /* WatchingNowCellViewModel.swift in Sources */ = {isa = PBXBuildFile; fileRef = CE7208362AE150DB0005C16E /* WatchingNowCellViewModel.swift */; };
		CE72083E2AE16DAD0005C16E /* WatchingNowDetailViewController.swift in Sources */ = {isa = PBXBuildFile; fileRef = CE72083D2AE16DAD0005C16E /* WatchingNowDetailViewController.swift */; };
		CE7208402AE16EAC0005C16E /* WatchingNowDetailView.swift in Sources */ = {isa = PBXBuildFile; fileRef = CE72083F2AE16EAC0005C16E /* WatchingNowDetailView.swift */; };
		CE7208462AE16FC30005C16E /* WatchingNowDetailViewModel.swift in Sources */ = {isa = PBXBuildFile; fileRef = CE7208452AE16FC30005C16E /* WatchingNowDetailViewModel.swift */; };
		CE7208482AE17C720005C16E /* WatchingDetailViewCell.swift in Sources */ = {isa = PBXBuildFile; fileRef = CE7208472AE17C710005C16E /* WatchingDetailViewCell.swift */; };
		CE72084A2AE17C7D0005C16E /* WatchingNowDetailCellViewModel.swift in Sources */ = {isa = PBXBuildFile; fileRef = CE7208492AE17C7D0005C16E /* WatchingNowDetailCellViewModel.swift */; };
		CE72084D2AE182CA0005C16E /* BaseSeriesDescriptionCell.swift in Sources */ = {isa = PBXBuildFile; fileRef = CE72084C2AE182CA0005C16E /* BaseSeriesDescriptionCell.swift */; };
		CE72084F2AE182FE0005C16E /* BaseDetailCell.swift in Sources */ = {isa = PBXBuildFile; fileRef = CE72084E2AE182FE0005C16E /* BaseDetailCell.swift */; };
		CE7208512AE186450005C16E /* UIStackView+Extensions.swift in Sources */ = {isa = PBXBuildFile; fileRef = CE7208502AE186450005C16E /* UIStackView+Extensions.swift */; };
		CE7208532AE187E10005C16E /* BaseWatchingNowDetailCell.swift in Sources */ = {isa = PBXBuildFile; fileRef = CE7208522AE187E10005C16E /* BaseWatchingNowDetailCell.swift */; };
		CE7208552AE296B40005C16E /* CountButton.swift in Sources */ = {isa = PBXBuildFile; fileRef = CE7208542AE296B40005C16E /* CountButton.swift */; };
		CE7208572AE29BC50005C16E /* CountTextField.swift in Sources */ = {isa = PBXBuildFile; fileRef = CE7208562AE29BC50005C16E /* CountTextField.swift */; };
		CE7208592AE6BECF0005C16E /* DetailCellViewModel.swift in Sources */ = {isa = PBXBuildFile; fileRef = CE7208582AE6BECF0005C16E /* DetailCellViewModel.swift */; };
		CE72085E2AE6C18A0005C16E /* DetailCell.swift in Sources */ = {isa = PBXBuildFile; fileRef = CE72085D2AE6C18A0005C16E /* DetailCell.swift */; };
		CE7208632AE6DE200005C16E /* SeriesDetailViewModel.swift in Sources */ = {isa = PBXBuildFile; fileRef = CE7208622AE6DE200005C16E /* SeriesDetailViewModel.swift */; };
		CE7208652AEA7CC40005C16E /* KeyboardManager.swift in Sources */ = {isa = PBXBuildFile; fileRef = CE7208642AEA7CC40005C16E /* KeyboardManager.swift */; };
		CE72086A2AEA86FD0005C16E /* SeriesDetailView.swift in Sources */ = {isa = PBXBuildFile; fileRef = CE7208692AEA86FD0005C16E /* SeriesDetailView.swift */; };
		CE72086C2AEAB94D0005C16E /* LoadingView.swift in Sources */ = {isa = PBXBuildFile; fileRef = CE72086B2AEAB94D0005C16E /* LoadingView.swift */; };
		CE72086E2AEABB6B0005C16E /* TableViewWithBlurBackground.swift in Sources */ = {isa = PBXBuildFile; fileRef = CE72086D2AEABB6B0005C16E /* TableViewWithBlurBackground.swift */; };
		CE7208702AEABF3E0005C16E /* SeriesDetailView + Extensions.swift in Sources */ = {isa = PBXBuildFile; fileRef = CE72086F2AEABF3E0005C16E /* SeriesDetailView + Extensions.swift */; };
		CE7208722AEAC0700005C16E /* SeriesDetailView + TableView.swift in Sources */ = {isa = PBXBuildFile; fileRef = CE7208712AEAC0700005C16E /* SeriesDetailView + TableView.swift */; };
		CE7208762AEACDBB0005C16E /* SectionViewModelProtocol.swift in Sources */ = {isa = PBXBuildFile; fileRef = CE7208752AEACDBB0005C16E /* SectionViewModelProtocol.swift */; };
		CE81261B2AEBD19900693BF5 /* BaseSeriesCell.swift in Sources */ = {isa = PBXBuildFile; fileRef = CE81261A2AEBD19900693BF5 /* BaseSeriesCell.swift */; };
		CE81261D2AEBD2F100693BF5 /* SeriesCell.swift in Sources */ = {isa = PBXBuildFile; fileRef = CE81261C2AEBD2F100693BF5 /* SeriesCell.swift */; };
		CE81261F2AEBD3B300693BF5 /* SeriesCellViewModel.swift in Sources */ = {isa = PBXBuildFile; fileRef = CE81261E2AEBD3B300693BF5 /* SeriesCellViewModel.swift */; };
		CE8126212AEBE62E00693BF5 /* BaseSectionView.swift in Sources */ = {isa = PBXBuildFile; fileRef = CE8126202AEBE62E00693BF5 /* BaseSectionView.swift */; };
		CE8126232AEBF34D00693BF5 /* BaseSectionView + TableView.swift in Sources */ = {isa = PBXBuildFile; fileRef = CE8126222AEBF34D00693BF5 /* BaseSectionView + TableView.swift */; };
		CE8126262AEBF78600693BF5 /* BaseSectionViewController.swift in Sources */ = {isa = PBXBuildFile; fileRef = CE8126252AEBF78600693BF5 /* BaseSectionViewController.swift */; };
		CE9CB1452AFBE0AB00E7F4FF /* UIAction+Extensions.swift in Sources */ = {isa = PBXBuildFile; fileRef = CE9CB1442AFBE0AB00E7F4FF /* UIAction+Extensions.swift */; };
		CE9CB1472AFBFA7D00E7F4FF /* Constants.swift in Sources */ = {isa = PBXBuildFile; fileRef = CE9CB1462AFBFA7D00E7F4FF /* Constants.swift */; };
		CE9EA8D12AD81B9000C261C8 /* Page.swift in Sources */ = {isa = PBXBuildFile; fileRef = CE9EA8D02AD81B9000C261C8 /* Page.swift */; };
		CE9EA8D32AD81B9A00C261C8 /* Country.swift in Sources */ = {isa = PBXBuildFile; fileRef = CE9EA8D22AD81B9A00C261C8 /* Country.swift */; };
		CE9EA8D52AD846BD00C261C8 /* SeriesDescriptionCellViewModel.swift in Sources */ = {isa = PBXBuildFile; fileRef = CE9EA8D42AD846BD00C261C8 /* SeriesDescriptionCellViewModel.swift */; };
		CEA1A8C62AB9F55C0012630D /* UIView+Extensions.swift in Sources */ = {isa = PBXBuildFile; fileRef = CEA1A8C52AB9F55B0012630D /* UIView+Extensions.swift */; };
		CEA1A8CA2ABB46030012630D /* SearchSeriesViewModel.swift in Sources */ = {isa = PBXBuildFile; fileRef = CEA1A8C92ABB46030012630D /* SearchSeriesViewModel.swift */; };
		CEA1A8D02ABC6D580012630D /* Box.swift in Sources */ = {isa = PBXBuildFile; fileRef = CEA1A8CF2ABC6D580012630D /* Box.swift */; };
		CEA1A8D22ABC81270012630D /* UILabel+Extensions.swift in Sources */ = {isa = PBXBuildFile; fileRef = CEA1A8D12ABC81270012630D /* UILabel+Extensions.swift */; };
		CEBAAE9F2A13E824001F59A6 /* AppDelegate.swift in Sources */ = {isa = PBXBuildFile; fileRef = CEBAAE9E2A13E824001F59A6 /* AppDelegate.swift */; };
		CEBAAEA12A13E824001F59A6 /* SceneDelegate.swift in Sources */ = {isa = PBXBuildFile; fileRef = CEBAAEA02A13E824001F59A6 /* SceneDelegate.swift */; };
		CEBAAEA32A13E824001F59A6 /* SearchSeriesViewController.swift in Sources */ = {isa = PBXBuildFile; fileRef = CEBAAEA22A13E824001F59A6 /* SearchSeriesViewController.swift */; };
		CEBAAEA82A13E828001F59A6 /* Assets.xcassets in Resources */ = {isa = PBXBuildFile; fileRef = CEBAAEA72A13E828001F59A6 /* Assets.xcassets */; };
		CEBB0FB92AC5E8CE00A45074 /* NetworkService.swift in Sources */ = {isa = PBXBuildFile; fileRef = CEBB0FB82AC5E8CE00A45074 /* NetworkService.swift */; };
		CEBB0FBB2AC5EE1500A45074 /* SeriesDecoder.swift in Sources */ = {isa = PBXBuildFile; fileRef = CEBB0FBA2AC5EE1500A45074 /* SeriesDecoder.swift */; };
		CED57AB32ADD7BB5006C7981 /* CountryService.swift in Sources */ = {isa = PBXBuildFile; fileRef = CED57AB22ADD7BB4006C7981 /* CountryService.swift */; };
		CED57AB52ADEB635006C7981 /* SeriesButton.swift in Sources */ = {isa = PBXBuildFile; fileRef = CED57AB42ADEB635006C7981 /* SeriesButton.swift */; };
		CED6AE482ADAE47D002140C1 /* SpinnerView.swift in Sources */ = {isa = PBXBuildFile; fileRef = CED6AE472ADAE47D002140C1 /* SpinnerView.swift */; };
		CEDA98052B067D0200FBA9C2 /* UITableViewCell+Extension.swift in Sources */ = {isa = PBXBuildFile; fileRef = CEDA98042B067D0200FBA9C2 /* UITableViewCell+Extension.swift */; };
		CEE4958E2AEFEE630086F67A /* ErrorHandler.swift in Sources */ = {isa = PBXBuildFile; fileRef = CEE4958D2AEFEE630086F67A /* ErrorHandler.swift */; };
		CEE495922AF12C2B0086F67A /* HeartButton.swift in Sources */ = {isa = PBXBuildFile; fileRef = CEE495912AF12C2B0086F67A /* HeartButton.swift */; };
		CEE495942AF12E5B0086F67A /* UIButton+Extensions.swift in Sources */ = {isa = PBXBuildFile; fileRef = CEE495932AF12E5B0086F67A /* UIButton+Extensions.swift */; };
		CEE495962AF1435E0086F67A /* FavouritesViewModel.swift in Sources */ = {isa = PBXBuildFile; fileRef = CEE495952AF1435E0086F67A /* FavouritesViewModel.swift */; };
		CEE495982AF147DD0086F67A /* FavouriteCellViewModel.swift in Sources */ = {isa = PBXBuildFile; fileRef = CEE495972AF147DD0086F67A /* FavouriteCellViewModel.swift */; };
		CEE4959B2AF14AEC0086F67A /* FavouritesDetailViewModel.swift in Sources */ = {isa = PBXBuildFile; fileRef = CEE4959A2AF14AEC0086F67A /* FavouritesDetailViewModel.swift */; };
		CEE4959F2AF156B20086F67A /* SeriesDetailViewController.swift in Sources */ = {isa = PBXBuildFile; fileRef = CEE4959E2AF156B20086F67A /* SeriesDetailViewController.swift */; };
		CEE495A12AF2ABE50086F67A /* SeriesEditableView.swift in Sources */ = {isa = PBXBuildFile; fileRef = CEE495A02AF2ABE50086F67A /* SeriesEditableView.swift */; };
		CEF455FA2AAB305E00D5A397 /* SearchSeriesView.swift in Sources */ = {isa = PBXBuildFile; fileRef = CEF455F92AAB305E00D5A397 /* SearchSeriesView.swift */; };
		CEF456002AAB472600D5A397 /* LaunchScreen.storyboard in Resources */ = {isa = PBXBuildFile; fileRef = CEBAAEA92A13E828001F59A6 /* LaunchScreen.storyboard */; };
		CEF456042AAB547B00D5A397 /* MainTabBarController.swift in Sources */ = {isa = PBXBuildFile; fileRef = CEF456032AAB547B00D5A397 /* MainTabBarController.swift */; };
		CEF456082AAB732900D5A397 /* Fonts.swift in Sources */ = {isa = PBXBuildFile; fileRef = CEF456072AAB732900D5A397 /* Fonts.swift */; };
		CEF502F92ACDB32400DFB431 /* APIService.swift in Sources */ = {isa = PBXBuildFile; fileRef = CEF502F82ACDB32400DFB431 /* APIService.swift */; };
		CEF502FB2ACDD17A00DFB431 /* AccessInfo.plist in Resources */ = {isa = PBXBuildFile; fileRef = CEF502FA2ACDD17A00DFB431 /* AccessInfo.plist */; };
		CEF502FD2ACDD1F100DFB431 /* PlistManager.swift in Sources */ = {isa = PBXBuildFile; fileRef = CEF502FC2ACDD1F100DFB431 /* PlistManager.swift */; };
		CEF502FF2ACEFEDF00DFB431 /* Task+Extensions.swift in Sources */ = {isa = PBXBuildFile; fileRef = CEF502FE2ACEFEDF00DFB431 /* Task+Extensions.swift */; };
		CEF503092ACF24C500DFB431 /* String+Extensions.swift in Sources */ = {isa = PBXBuildFile; fileRef = CEF503082ACF24C400DFB431 /* String+Extensions.swift */; };
		CEF6FAEB2B03FC380070B899 /* Genres.swift in Sources */ = {isa = PBXBuildFile; fileRef = CEF6FAEA2B03FC380070B899 /* Genres.swift */; };
/* End PBXBuildFile section */

/* Begin PBXFileReference section */
		CE0589C42AD4543300DE987F /* ImageCachingManager.swift */ = {isa = PBXFileReference; lastKnownFileType = sourcecode.swift; path = ImageCachingManager.swift; sourceTree = "<group>"; };
		CE0589C62AD5AD1D00DE987F /* Router.swift */ = {isa = PBXFileReference; lastKnownFileType = sourcecode.swift; path = Router.swift; sourceTree = "<group>"; };
		CE0589CB2AD6C56200DE987F /* SearchDetailView.swift */ = {isa = PBXFileReference; lastKnownFileType = sourcecode.swift; path = SearchDetailView.swift; sourceTree = "<group>"; };
		CE0589CD2AD6C63400DE987F /* SearchDetailViewModel.swift */ = {isa = PBXFileReference; lastKnownFileType = sourcecode.swift; path = SearchDetailViewModel.swift; sourceTree = "<group>"; };
		CE0589D52AD6E92D00DE987F /* SeriesDescriptionCell.swift */ = {isa = PBXFileReference; lastKnownFileType = sourcecode.swift; path = SeriesDescriptionCell.swift; sourceTree = "<group>"; };
		CE1A6B492AAF4D6B00B495EB /* BaseTabBarController.swift */ = {isa = PBXFileReference; lastKnownFileType = sourcecode.swift; path = BaseTabBarController.swift; sourceTree = "<group>"; };
		CE1A6B4C2AAF515000B495EB /* Colors.swift */ = {isa = PBXFileReference; lastKnownFileType = sourcecode.swift; path = Colors.swift; sourceTree = "<group>"; };
		CE1A6B522AAF5F4700B495EB /* SeriesViewController.swift */ = {isa = PBXFileReference; lastKnownFileType = sourcecode.swift; path = SeriesViewController.swift; sourceTree = "<group>"; };
		CE1A6B662AB08C9D00B495EB /* Series.swift */ = {isa = PBXFileReference; lastKnownFileType = sourcecode.swift; path = Series.swift; sourceTree = "<group>"; };
		CE1A6B692AB0921D00B495EB /* WatchingNowViewModel.swift */ = {isa = PBXFileReference; lastKnownFileType = sourcecode.swift; path = WatchingNowViewModel.swift; sourceTree = "<group>"; };
		CE2E1FBF2AD0104B00E0FC3B /* SeriesImageView.swift */ = {isa = PBXFileReference; lastKnownFileType = sourcecode.swift; path = SeriesImageView.swift; sourceTree = "<group>"; };
		CE2E1FC12AD011BD00E0FC3B /* VerticalStackView.swift */ = {isa = PBXFileReference; lastKnownFileType = sourcecode.swift; path = VerticalStackView.swift; sourceTree = "<group>"; };
		CE2E1FC32AD011CE00E0FC3B /* HorizontalStackView.swift */ = {isa = PBXFileReference; lastKnownFileType = sourcecode.swift; path = HorizontalStackView.swift; sourceTree = "<group>"; };
		CE2E1FC52AD0144400E0FC3B /* SeriesProgressView.swift */ = {isa = PBXFileReference; lastKnownFileType = sourcecode.swift; path = SeriesProgressView.swift; sourceTree = "<group>"; };
		CE2FD5FE2AF547EE0036EF6A /* SeriesData.swift */ = {isa = PBXFileReference; lastKnownFileType = sourcecode.swift; path = SeriesData.swift; sourceTree = "<group>"; };
		CE54A4B12AF68DAE003D84C2 /* SeriesProgress.swift */ = {isa = PBXFileReference; lastKnownFileType = sourcecode.swift; path = SeriesProgress.swift; sourceTree = "<group>"; };
		CE58DBDD2AD99302004CBB4B /* Images.swift */ = {isa = PBXFileReference; lastKnownFileType = sourcecode.swift; path = Images.swift; sourceTree = "<group>"; };
		CE65E9632ABCC209009E38E8 /* Builder.swift */ = {isa = PBXFileReference; fileEncoding = 4; lastKnownFileType = sourcecode.swift; path = Builder.swift; sourceTree = "<group>"; };
		CE6C3D2C2AF3C657004DACF9 /* ShowMoreButton.swift */ = {isa = PBXFileReference; lastKnownFileType = sourcecode.swift; path = ShowMoreButton.swift; sourceTree = "<group>"; };
		CE7208322AE0362F0005C16E /* DataStoreManager.swift */ = {isa = PBXFileReference; lastKnownFileType = sourcecode.swift; path = DataStoreManager.swift; sourceTree = "<group>"; };
		CE7208362AE150DB0005C16E /* WatchingNowCellViewModel.swift */ = {isa = PBXFileReference; lastKnownFileType = sourcecode.swift; path = WatchingNowCellViewModel.swift; sourceTree = "<group>"; };
		CE72083D2AE16DAD0005C16E /* WatchingNowDetailViewController.swift */ = {isa = PBXFileReference; lastKnownFileType = sourcecode.swift; path = WatchingNowDetailViewController.swift; sourceTree = "<group>"; };
		CE72083F2AE16EAC0005C16E /* WatchingNowDetailView.swift */ = {isa = PBXFileReference; lastKnownFileType = sourcecode.swift; path = WatchingNowDetailView.swift; sourceTree = "<group>"; };
		CE7208452AE16FC30005C16E /* WatchingNowDetailViewModel.swift */ = {isa = PBXFileReference; lastKnownFileType = sourcecode.swift; path = WatchingNowDetailViewModel.swift; sourceTree = "<group>"; };
		CE7208472AE17C710005C16E /* WatchingDetailViewCell.swift */ = {isa = PBXFileReference; lastKnownFileType = sourcecode.swift; path = WatchingDetailViewCell.swift; sourceTree = "<group>"; };
		CE7208492AE17C7D0005C16E /* WatchingNowDetailCellViewModel.swift */ = {isa = PBXFileReference; lastKnownFileType = sourcecode.swift; path = WatchingNowDetailCellViewModel.swift; sourceTree = "<group>"; };
		CE72084C2AE182CA0005C16E /* BaseSeriesDescriptionCell.swift */ = {isa = PBXFileReference; lastKnownFileType = sourcecode.swift; path = BaseSeriesDescriptionCell.swift; sourceTree = "<group>"; };
		CE72084E2AE182FE0005C16E /* BaseDetailCell.swift */ = {isa = PBXFileReference; lastKnownFileType = sourcecode.swift; path = BaseDetailCell.swift; sourceTree = "<group>"; };
		CE7208502AE186450005C16E /* UIStackView+Extensions.swift */ = {isa = PBXFileReference; lastKnownFileType = sourcecode.swift; path = "UIStackView+Extensions.swift"; sourceTree = "<group>"; };
		CE7208522AE187E10005C16E /* BaseWatchingNowDetailCell.swift */ = {isa = PBXFileReference; lastKnownFileType = sourcecode.swift; path = BaseWatchingNowDetailCell.swift; sourceTree = "<group>"; };
		CE7208542AE296B40005C16E /* CountButton.swift */ = {isa = PBXFileReference; lastKnownFileType = sourcecode.swift; path = CountButton.swift; sourceTree = "<group>"; };
		CE7208562AE29BC50005C16E /* CountTextField.swift */ = {isa = PBXFileReference; lastKnownFileType = sourcecode.swift; path = CountTextField.swift; sourceTree = "<group>"; };
		CE7208582AE6BECF0005C16E /* DetailCellViewModel.swift */ = {isa = PBXFileReference; lastKnownFileType = sourcecode.swift; path = DetailCellViewModel.swift; sourceTree = "<group>"; };
		CE72085D2AE6C18A0005C16E /* DetailCell.swift */ = {isa = PBXFileReference; lastKnownFileType = sourcecode.swift; path = DetailCell.swift; sourceTree = "<group>"; };
		CE7208622AE6DE200005C16E /* SeriesDetailViewModel.swift */ = {isa = PBXFileReference; lastKnownFileType = sourcecode.swift; path = SeriesDetailViewModel.swift; sourceTree = "<group>"; };
		CE7208642AEA7CC40005C16E /* KeyboardManager.swift */ = {isa = PBXFileReference; lastKnownFileType = sourcecode.swift; path = KeyboardManager.swift; sourceTree = "<group>"; };
		CE7208692AEA86FD0005C16E /* SeriesDetailView.swift */ = {isa = PBXFileReference; lastKnownFileType = sourcecode.swift; path = SeriesDetailView.swift; sourceTree = "<group>"; };
		CE72086B2AEAB94D0005C16E /* LoadingView.swift */ = {isa = PBXFileReference; lastKnownFileType = sourcecode.swift; path = LoadingView.swift; sourceTree = "<group>"; };
		CE72086D2AEABB6B0005C16E /* TableViewWithBlurBackground.swift */ = {isa = PBXFileReference; lastKnownFileType = sourcecode.swift; path = TableViewWithBlurBackground.swift; sourceTree = "<group>"; };
		CE72086F2AEABF3E0005C16E /* SeriesDetailView + Extensions.swift */ = {isa = PBXFileReference; lastKnownFileType = sourcecode.swift; path = "SeriesDetailView + Extensions.swift"; sourceTree = "<group>"; };
		CE7208712AEAC0700005C16E /* SeriesDetailView + TableView.swift */ = {isa = PBXFileReference; lastKnownFileType = sourcecode.swift; path = "SeriesDetailView + TableView.swift"; sourceTree = "<group>"; };
		CE7208752AEACDBB0005C16E /* SectionViewModelProtocol.swift */ = {isa = PBXFileReference; lastKnownFileType = sourcecode.swift; path = SectionViewModelProtocol.swift; sourceTree = "<group>"; };
		CE81261A2AEBD19900693BF5 /* BaseSeriesCell.swift */ = {isa = PBXFileReference; lastKnownFileType = sourcecode.swift; path = BaseSeriesCell.swift; sourceTree = "<group>"; };
		CE81261C2AEBD2F100693BF5 /* SeriesCell.swift */ = {isa = PBXFileReference; lastKnownFileType = sourcecode.swift; path = SeriesCell.swift; sourceTree = "<group>"; };
		CE81261E2AEBD3B300693BF5 /* SeriesCellViewModel.swift */ = {isa = PBXFileReference; lastKnownFileType = sourcecode.swift; path = SeriesCellViewModel.swift; sourceTree = "<group>"; };
		CE8126202AEBE62E00693BF5 /* BaseSectionView.swift */ = {isa = PBXFileReference; lastKnownFileType = sourcecode.swift; path = BaseSectionView.swift; sourceTree = "<group>"; };
		CE8126222AEBF34D00693BF5 /* BaseSectionView + TableView.swift */ = {isa = PBXFileReference; lastKnownFileType = sourcecode.swift; path = "BaseSectionView + TableView.swift"; sourceTree = "<group>"; };
		CE8126252AEBF78600693BF5 /* BaseSectionViewController.swift */ = {isa = PBXFileReference; lastKnownFileType = sourcecode.swift; path = BaseSectionViewController.swift; sourceTree = "<group>"; };
		CE9CB1442AFBE0AB00E7F4FF /* UIAction+Extensions.swift */ = {isa = PBXFileReference; lastKnownFileType = sourcecode.swift; path = "UIAction+Extensions.swift"; sourceTree = "<group>"; };
		CE9CB1462AFBFA7D00E7F4FF /* Constants.swift */ = {isa = PBXFileReference; lastKnownFileType = sourcecode.swift; path = Constants.swift; sourceTree = "<group>"; };
		CE9EA8D02AD81B9000C261C8 /* Page.swift */ = {isa = PBXFileReference; lastKnownFileType = sourcecode.swift; path = Page.swift; sourceTree = "<group>"; };
		CE9EA8D22AD81B9A00C261C8 /* Country.swift */ = {isa = PBXFileReference; lastKnownFileType = sourcecode.swift; path = Country.swift; sourceTree = "<group>"; };
		CE9EA8D42AD846BD00C261C8 /* SeriesDescriptionCellViewModel.swift */ = {isa = PBXFileReference; lastKnownFileType = sourcecode.swift; path = SeriesDescriptionCellViewModel.swift; sourceTree = "<group>"; };
		CEA1A8C52AB9F55B0012630D /* UIView+Extensions.swift */ = {isa = PBXFileReference; lastKnownFileType = sourcecode.swift; path = "UIView+Extensions.swift"; sourceTree = "<group>"; };
		CEA1A8C92ABB46030012630D /* SearchSeriesViewModel.swift */ = {isa = PBXFileReference; lastKnownFileType = sourcecode.swift; path = SearchSeriesViewModel.swift; sourceTree = "<group>"; };
		CEA1A8CF2ABC6D580012630D /* Box.swift */ = {isa = PBXFileReference; lastKnownFileType = sourcecode.swift; path = Box.swift; sourceTree = "<group>"; };
		CEA1A8D12ABC81270012630D /* UILabel+Extensions.swift */ = {isa = PBXFileReference; lastKnownFileType = sourcecode.swift; path = "UILabel+Extensions.swift"; sourceTree = "<group>"; };
		CEBAAE9B2A13E824001F59A6 /* iShowTime.app */ = {isa = PBXFileReference; explicitFileType = wrapper.application; includeInIndex = 0; path = iShowTime.app; sourceTree = BUILT_PRODUCTS_DIR; };
		CEBAAE9E2A13E824001F59A6 /* AppDelegate.swift */ = {isa = PBXFileReference; lastKnownFileType = sourcecode.swift; path = AppDelegate.swift; sourceTree = "<group>"; };
		CEBAAEA02A13E824001F59A6 /* SceneDelegate.swift */ = {isa = PBXFileReference; lastKnownFileType = sourcecode.swift; path = SceneDelegate.swift; sourceTree = "<group>"; };
		CEBAAEA22A13E824001F59A6 /* SearchSeriesViewController.swift */ = {isa = PBXFileReference; lastKnownFileType = sourcecode.swift; path = SearchSeriesViewController.swift; sourceTree = "<group>"; };
		CEBAAEA72A13E828001F59A6 /* Assets.xcassets */ = {isa = PBXFileReference; lastKnownFileType = folder.assetcatalog; path = Assets.xcassets; sourceTree = "<group>"; };
		CEBAAEAA2A13E828001F59A6 /* Base */ = {isa = PBXFileReference; lastKnownFileType = file.storyboard; name = Base; path = Base.lproj/LaunchScreen.storyboard; sourceTree = "<group>"; };
		CEBAAEAC2A13E828001F59A6 /* Info.plist */ = {isa = PBXFileReference; lastKnownFileType = text.plist.xml; path = Info.plist; sourceTree = "<group>"; };
		CEBB0FB82AC5E8CE00A45074 /* NetworkService.swift */ = {isa = PBXFileReference; lastKnownFileType = sourcecode.swift; path = NetworkService.swift; sourceTree = "<group>"; };
		CEBB0FBA2AC5EE1500A45074 /* SeriesDecoder.swift */ = {isa = PBXFileReference; lastKnownFileType = sourcecode.swift; path = SeriesDecoder.swift; sourceTree = "<group>"; };
		CED57AB22ADD7BB4006C7981 /* CountryService.swift */ = {isa = PBXFileReference; lastKnownFileType = sourcecode.swift; path = CountryService.swift; sourceTree = "<group>"; };
		CED57AB42ADEB635006C7981 /* SeriesButton.swift */ = {isa = PBXFileReference; lastKnownFileType = sourcecode.swift; path = SeriesButton.swift; sourceTree = "<group>"; };
		CED6AE472ADAE47D002140C1 /* SpinnerView.swift */ = {isa = PBXFileReference; lastKnownFileType = sourcecode.swift; path = SpinnerView.swift; sourceTree = "<group>"; };
		CEDA98042B067D0200FBA9C2 /* UITableViewCell+Extension.swift */ = {isa = PBXFileReference; lastKnownFileType = sourcecode.swift; path = "UITableViewCell+Extension.swift"; sourceTree = "<group>"; };
		CEE4958D2AEFEE630086F67A /* ErrorHandler.swift */ = {isa = PBXFileReference; lastKnownFileType = sourcecode.swift; path = ErrorHandler.swift; sourceTree = "<group>"; };
		CEE495912AF12C2B0086F67A /* HeartButton.swift */ = {isa = PBXFileReference; lastKnownFileType = sourcecode.swift; path = HeartButton.swift; sourceTree = "<group>"; };
		CEE495932AF12E5B0086F67A /* UIButton+Extensions.swift */ = {isa = PBXFileReference; lastKnownFileType = sourcecode.swift; path = "UIButton+Extensions.swift"; sourceTree = "<group>"; };
		CEE495952AF1435E0086F67A /* FavouritesViewModel.swift */ = {isa = PBXFileReference; lastKnownFileType = sourcecode.swift; path = FavouritesViewModel.swift; sourceTree = "<group>"; };
		CEE495972AF147DD0086F67A /* FavouriteCellViewModel.swift */ = {isa = PBXFileReference; lastKnownFileType = sourcecode.swift; path = FavouriteCellViewModel.swift; sourceTree = "<group>"; };
		CEE4959A2AF14AEC0086F67A /* FavouritesDetailViewModel.swift */ = {isa = PBXFileReference; lastKnownFileType = sourcecode.swift; path = FavouritesDetailViewModel.swift; sourceTree = "<group>"; };
		CEE4959E2AF156B20086F67A /* SeriesDetailViewController.swift */ = {isa = PBXFileReference; lastKnownFileType = sourcecode.swift; path = SeriesDetailViewController.swift; sourceTree = "<group>"; };
		CEE495A02AF2ABE50086F67A /* SeriesEditableView.swift */ = {isa = PBXFileReference; lastKnownFileType = sourcecode.swift; path = SeriesEditableView.swift; sourceTree = "<group>"; };
		CEE495A32AF2C8150086F67A /* ExpandableLabel.framework */ = {isa = PBXFileReference; lastKnownFileType = wrapper.framework; name = ExpandableLabel.framework; path = Carthage/Build/iOS/ExpandableLabel.framework; sourceTree = "<group>"; };
		CEF455F92AAB305E00D5A397 /* SearchSeriesView.swift */ = {isa = PBXFileReference; lastKnownFileType = sourcecode.swift; path = SearchSeriesView.swift; sourceTree = "<group>"; };
		CEF456032AAB547B00D5A397 /* MainTabBarController.swift */ = {isa = PBXFileReference; lastKnownFileType = sourcecode.swift; path = MainTabBarController.swift; sourceTree = "<group>"; };
		CEF456072AAB732900D5A397 /* Fonts.swift */ = {isa = PBXFileReference; lastKnownFileType = sourcecode.swift; path = Fonts.swift; sourceTree = "<group>"; };
		CEF502F82ACDB32400DFB431 /* APIService.swift */ = {isa = PBXFileReference; lastKnownFileType = sourcecode.swift; path = APIService.swift; sourceTree = "<group>"; };
		CEF502FA2ACDD17A00DFB431 /* AccessInfo.plist */ = {isa = PBXFileReference; lastKnownFileType = text.plist.xml; path = AccessInfo.plist; sourceTree = "<group>"; };
		CEF502FC2ACDD1F100DFB431 /* PlistManager.swift */ = {isa = PBXFileReference; lastKnownFileType = sourcecode.swift; path = PlistManager.swift; sourceTree = "<group>"; };
		CEF502FE2ACEFEDF00DFB431 /* Task+Extensions.swift */ = {isa = PBXFileReference; lastKnownFileType = sourcecode.swift; path = "Task+Extensions.swift"; sourceTree = "<group>"; };
		CEF503082ACF24C400DFB431 /* String+Extensions.swift */ = {isa = PBXFileReference; lastKnownFileType = sourcecode.swift; path = "String+Extensions.swift"; sourceTree = "<group>"; };
		CEF6FAEA2B03FC380070B899 /* Genres.swift */ = {isa = PBXFileReference; lastKnownFileType = sourcecode.swift; path = Genres.swift; sourceTree = "<group>"; };
/* End PBXFileReference section */

/* Begin PBXFrameworksBuildPhase section */
		CEBAAE982A13E823001F59A6 /* Frameworks */ = {
			isa = PBXFrameworksBuildPhase;
			buildActionMask = 2147483647;
			files = (
				CE6C3D322AF3D18D004DACF9 /* RealmSwift in Frameworks */,
				CE6C3D302AF3D18D004DACF9 /* Realm in Frameworks */,
			);
			runOnlyForDeploymentPostprocessing = 0;
		};
/* End PBXFrameworksBuildPhase section */

/* Begin PBXGroup section */
		CE0589C82AD6BCCC00DE987F /* SearchSeriesDetailModule */ = {
			isa = PBXGroup;
			children = (
				CE0589CD2AD6C63400DE987F /* SearchDetailViewModel.swift */,
				CE0589CB2AD6C56200DE987F /* SearchDetailView.swift */,
			);
			path = SearchSeriesDetailModule;
			sourceTree = "<group>";
		};
		CE0589D42AD6E8EA00DE987F /* SeriesDescriptionCell */ = {
			isa = PBXGroup;
			children = (
				CE9EA8D42AD846BD00C261C8 /* SeriesDescriptionCellViewModel.swift */,
				CE72084C2AE182CA0005C16E /* BaseSeriesDescriptionCell.swift */,
				CE0589D52AD6E92D00DE987F /* SeriesDescriptionCell.swift */,
			);
			path = SeriesDescriptionCell;
			sourceTree = "<group>";
		};
		CE1A6B4F2AAF56C900B495EB /* Resources */ = {
			isa = PBXGroup;
			children = (
				CE9CB1462AFBFA7D00E7F4FF /* Constants.swift */,
				CE58DBDD2AD99302004CBB4B /* Images.swift */,
				CE1A6B4C2AAF515000B495EB /* Colors.swift */,
				CEF456072AAB732900D5A397 /* Fonts.swift */,
				CEBAAEA72A13E828001F59A6 /* Assets.xcassets */,
				CEF502FA2ACDD17A00DFB431 /* AccessInfo.plist */,
			);
			path = Resources;
			sourceTree = "<group>";
		};
		CE1A6B502AAF5C5500B495EB /* SystemFiles */ = {
			isa = PBXGroup;
			children = (
				CEBAAE9E2A13E824001F59A6 /* AppDelegate.swift */,
				CEBAAEA02A13E824001F59A6 /* SceneDelegate.swift */,
				CEBAAEA92A13E828001F59A6 /* LaunchScreen.storyboard */,
			);
			path = SystemFiles;
			sourceTree = "<group>";
		};
		CE1A6B512AAF5E0E00B495EB /* WatchingNowModule */ = {
			isa = PBXGroup;
			children = (
				CE1A6B692AB0921D00B495EB /* WatchingNowViewModel.swift */,
			);
			path = WatchingNowModule;
			sourceTree = "<group>";
		};
		CE1A6B5A2AAF66AD00B495EB /* Extensions */ = {
			isa = PBXGroup;
			children = (
				CEE495932AF12E5B0086F67A /* UIButton+Extensions.swift */,
				CEA1A8D12ABC81270012630D /* UILabel+Extensions.swift */,
				CEA1A8C52AB9F55B0012630D /* UIView+Extensions.swift */,
				CEF502FE2ACEFEDF00DFB431 /* Task+Extensions.swift */,
				CEF503082ACF24C400DFB431 /* String+Extensions.swift */,
				CE7208502AE186450005C16E /* UIStackView+Extensions.swift */,
				CE9CB1442AFBE0AB00E7F4FF /* UIAction+Extensions.swift */,
				CEDA98042B067D0200FBA9C2 /* UITableViewCell+Extension.swift */,
			);
			path = Extensions;
			sourceTree = "<group>";
		};
		CE1A6B632AAF6C5B00B495EB /* FavouritesModule */ = {
			isa = PBXGroup;
			children = (
				CEE495952AF1435E0086F67A /* FavouritesViewModel.swift */,
				CEE495A02AF2ABE50086F67A /* SeriesEditableView.swift */,
			);
			path = FavouritesModule;
			sourceTree = "<group>";
		};
		CE1A6B682AB08CA900B495EB /* Model */ = {
			isa = PBXGroup;
			children = (
				CE9EA8D02AD81B9000C261C8 /* Page.swift */,
				CE1A6B662AB08C9D00B495EB /* Series.swift */,
				CE2FD5FE2AF547EE0036EF6A /* SeriesData.swift */,
				CE9EA8D22AD81B9A00C261C8 /* Country.swift */,
				CE54A4B12AF68DAE003D84C2 /* SeriesProgress.swift */,
				CEF6FAEA2B03FC380070B899 /* Genres.swift */,
			);
			path = Model;
			sourceTree = "<group>";
		};
		CE2E1FBE2AD0101800E0FC3B /* CustomViews */ = {
			isa = PBXGroup;
			children = (
				CE2E1FBF2AD0104B00E0FC3B /* SeriesImageView.swift */,
				CE2E1FC52AD0144400E0FC3B /* SeriesProgressView.swift */,
				CE2E1FC12AD011BD00E0FC3B /* VerticalStackView.swift */,
				CE2E1FC32AD011CE00E0FC3B /* HorizontalStackView.swift */,
				CED6AE472ADAE47D002140C1 /* SpinnerView.swift */,
				CED57AB42ADEB635006C7981 /* SeriesButton.swift */,
				CE7208542AE296B40005C16E /* CountButton.swift */,
				CE7208562AE29BC50005C16E /* CountTextField.swift */,
				CE72086B2AEAB94D0005C16E /* LoadingView.swift */,
				CE72086D2AEABB6B0005C16E /* TableViewWithBlurBackground.swift */,
				CEE495912AF12C2B0086F67A /* HeartButton.swift */,
				CE6C3D2C2AF3C657004DACF9 /* ShowMoreButton.swift */,
			);
			path = CustomViews;
			sourceTree = "<group>";
		};
		CE7208392AE16D420005C16E /* WatchingNowDetailModule */ = {
			isa = PBXGroup;
			children = (
				CE7208452AE16FC30005C16E /* WatchingNowDetailViewModel.swift */,
				CE72083D2AE16DAD0005C16E /* WatchingNowDetailViewController.swift */,
				CE72083F2AE16EAC0005C16E /* WatchingNowDetailView.swift */,
			);
			path = WatchingNowDetailModule;
			sourceTree = "<group>";
		};
		CE72084B2AE17C840005C16E /* WatchingNowDetailCell */ = {
			isa = PBXGroup;
			children = (
				CE7208492AE17C7D0005C16E /* WatchingNowDetailCellViewModel.swift */,
				CE7208522AE187E10005C16E /* BaseWatchingNowDetailCell.swift */,
				CE7208472AE17C710005C16E /* WatchingDetailViewCell.swift */,
			);
			path = WatchingNowDetailCell;
			sourceTree = "<group>";
		};
		CE72085B2AE6C1170005C16E /* DetailCellModule */ = {
			isa = PBXGroup;
			children = (
				CE72085C2AE6C1480005C16E /* DetailCell */,
				CE0589D42AD6E8EA00DE987F /* SeriesDescriptionCell */,
				CE72084B2AE17C840005C16E /* WatchingNowDetailCell */,
			);
			path = DetailCellModule;
			sourceTree = "<group>";
		};
		CE72085C2AE6C1480005C16E /* DetailCell */ = {
			isa = PBXGroup;
			children = (
				CE7208582AE6BECF0005C16E /* DetailCellViewModel.swift */,
				CE72084E2AE182FE0005C16E /* BaseDetailCell.swift */,
				CE72085D2AE6C18A0005C16E /* DetailCell.swift */,
			);
			path = DetailCell;
			sourceTree = "<group>";
		};
		CE7208612AE6DDDC0005C16E /* DetaillModule */ = {
			isa = PBXGroup;
			children = (
				CE7208732AEAC0980005C16E /* SeriesDetailView */,
				CE7208622AE6DE200005C16E /* SeriesDetailViewModel.swift */,
				CEE4959E2AF156B20086F67A /* SeriesDetailViewController.swift */,
				CE0589C82AD6BCCC00DE987F /* SearchSeriesDetailModule */,
				CE7208392AE16D420005C16E /* WatchingNowDetailModule */,
				CEE495992AF14A9E0086F67A /* FavouritesDetailModule */,
			);
			path = DetaillModule;
			sourceTree = "<group>";
		};
		CE7208662AEA85C90005C16E /* Network */ = {
			isa = PBXGroup;
			children = (
				CEBB0FB82AC5E8CE00A45074 /* NetworkService.swift */,
				CEF502F82ACDB32400DFB431 /* APIService.swift */,
			);
			path = Network;
			sourceTree = "<group>";
		};
		CE7208672AEA85DB0005C16E /* DataStore */ = {
			isa = PBXGroup;
			children = (
				CE7208322AE0362F0005C16E /* DataStoreManager.swift */,
				CEF502FC2ACDD1F100DFB431 /* PlistManager.swift */,
			);
			path = DataStore;
			sourceTree = "<group>";
		};
		CE7208682AEA860B0005C16E /* Decoders */ = {
			isa = PBXGroup;
			children = (
				CEBB0FBA2AC5EE1500A45074 /* SeriesDecoder.swift */,
				CED57AB22ADD7BB4006C7981 /* CountryService.swift */,
			);
			path = Decoders;
			sourceTree = "<group>";
		};
		CE7208732AEAC0980005C16E /* SeriesDetailView */ = {
			isa = PBXGroup;
			children = (
				CE7208692AEA86FD0005C16E /* SeriesDetailView.swift */,
				CE72086F2AEABF3E0005C16E /* SeriesDetailView + Extensions.swift */,
				CE7208712AEAC0700005C16E /* SeriesDetailView + TableView.swift */,
			);
			path = SeriesDetailView;
			sourceTree = "<group>";
		};
		CE7208742AEACD990005C16E /* Sections */ = {
			isa = PBXGroup;
			children = (
				CE8126242AEBF3DA00693BF5 /* BaseSectionModule */,
				CEF455FC2AAB307C00D5A397 /* SearchModule */,
				CE1A6B512AAF5E0E00B495EB /* WatchingNowModule */,
				CE1A6B632AAF6C5B00B495EB /* FavouritesModule */,
				CE8126192AEBD18000693BF5 /* SeriesCellModule */,
			);
			path = Sections;
			sourceTree = "<group>";
		};
		CE8126192AEBD18000693BF5 /* SeriesCellModule */ = {
			isa = PBXGroup;
			children = (
				CE81261A2AEBD19900693BF5 /* BaseSeriesCell.swift */,
				CE81261C2AEBD2F100693BF5 /* SeriesCell.swift */,
				CE81261E2AEBD3B300693BF5 /* SeriesCellViewModel.swift */,
				CE7208362AE150DB0005C16E /* WatchingNowCellViewModel.swift */,
				CEE495972AF147DD0086F67A /* FavouriteCellViewModel.swift */,
			);
			path = SeriesCellModule;
			sourceTree = "<group>";
		};
		CE8126242AEBF3DA00693BF5 /* BaseSectionModule */ = {
			isa = PBXGroup;
			children = (
				CE7208752AEACDBB0005C16E /* SectionViewModelProtocol.swift */,
				CE8126252AEBF78600693BF5 /* BaseSectionViewController.swift */,
				CE1A6B522AAF5F4700B495EB /* SeriesViewController.swift */,
				CE8126202AEBE62E00693BF5 /* BaseSectionView.swift */,
				CE8126222AEBF34D00693BF5 /* BaseSectionView + TableView.swift */,
			);
			path = BaseSectionModule;
			sourceTree = "<group>";
		};
		CEA1A8CE2ABC6D440012630D /* Helpers */ = {
			isa = PBXGroup;
			children = (
				CEA1A8CF2ABC6D580012630D /* Box.swift */,
			);
			path = Helpers;
			sourceTree = "<group>";
		};
		CEBAAE922A13E823001F59A6 = {
			isa = PBXGroup;
			children = (
				CEBAAE9D2A13E824001F59A6 /* iShowTime */,
				CEBAAE9C2A13E824001F59A6 /* Products */,
				CEE495A22AF2C8140086F67A /* Frameworks */,
			);
			sourceTree = "<group>";
		};
		CEBAAE9C2A13E824001F59A6 /* Products */ = {
			isa = PBXGroup;
			children = (
				CEBAAE9B2A13E824001F59A6 /* iShowTime.app */,
			);
			name = Products;
			sourceTree = "<group>";
		};
		CEBAAE9D2A13E824001F59A6 /* iShowTime */ = {
			isa = PBXGroup;
			children = (
				CE1A6B502AAF5C5500B495EB /* SystemFiles */,
				CE2E1FBE2AD0101800E0FC3B /* CustomViews */,
				CEBB0FB72AC5E89A00A45074 /* Services */,
				CEA1A8CE2ABC6D440012630D /* Helpers */,
				CE1A6B5A2AAF66AD00B495EB /* Extensions */,
				CE1A6B4F2AAF56C900B495EB /* Resources */,
				CE1A6B682AB08CA900B495EB /* Model */,
				CEF456052AAB725F00D5A397 /* MainTabBarModule */,
				CE7208742AEACD990005C16E /* Sections */,
				CE7208612AE6DDDC0005C16E /* DetaillModule */,
				CE72085B2AE6C1170005C16E /* DetailCellModule */,
				CEBAAEAC2A13E828001F59A6 /* Info.plist */,
			);
			path = iShowTime;
			sourceTree = "<group>";
		};
		CEBB0FB72AC5E89A00A45074 /* Services */ = {
			isa = PBXGroup;
			children = (
				CE7208662AEA85C90005C16E /* Network */,
				CE7208672AEA85DB0005C16E /* DataStore */,
				CE7208682AEA860B0005C16E /* Decoders */,
				CE0589C62AD5AD1D00DE987F /* Router.swift */,
				CE65E9632ABCC209009E38E8 /* Builder.swift */,
				CE0589C42AD4543300DE987F /* ImageCachingManager.swift */,
				CE7208642AEA7CC40005C16E /* KeyboardManager.swift */,
				CEE4958D2AEFEE630086F67A /* ErrorHandler.swift */,
			);
			path = Services;
			sourceTree = "<group>";
		};
		CEE495992AF14A9E0086F67A /* FavouritesDetailModule */ = {
			isa = PBXGroup;
			children = (
				CEE4959A2AF14AEC0086F67A /* FavouritesDetailViewModel.swift */,
			);
			path = FavouritesDetailModule;
			sourceTree = "<group>";
		};
		CEE495A22AF2C8140086F67A /* Frameworks */ = {
			isa = PBXGroup;
			children = (
				CEE495A32AF2C8150086F67A /* ExpandableLabel.framework */,
			);
			name = Frameworks;
			sourceTree = "<group>";
		};
		CEF455FC2AAB307C00D5A397 /* SearchModule */ = {
			isa = PBXGroup;
			children = (
				CEA1A8C92ABB46030012630D /* SearchSeriesViewModel.swift */,
				CEBAAEA22A13E824001F59A6 /* SearchSeriesViewController.swift */,
				CEF455F92AAB305E00D5A397 /* SearchSeriesView.swift */,
			);
			path = SearchModule;
			sourceTree = "<group>";
		};
		CEF456052AAB725F00D5A397 /* MainTabBarModule */ = {
			isa = PBXGroup;
			children = (
				CE1A6B492AAF4D6B00B495EB /* BaseTabBarController.swift */,
				CEF456032AAB547B00D5A397 /* MainTabBarController.swift */,
			);
			path = MainTabBarModule;
			sourceTree = "<group>";
		};
/* End PBXGroup section */

/* Begin PBXNativeTarget section */
		CEBAAE9A2A13E823001F59A6 /* iShowTime */ = {
			isa = PBXNativeTarget;
			buildConfigurationList = CEBAAEAF2A13E828001F59A6 /* Build configuration list for PBXNativeTarget "iShowTime" */;
			buildPhases = (
				CEBAAE972A13E823001F59A6 /* Sources */,
				CEBAAE982A13E823001F59A6 /* Frameworks */,
				CEBAAE992A13E823001F59A6 /* Resources */,
			);
			buildRules = (
			);
			dependencies = (
			);
			name = iShowTime;
			packageProductDependencies = (
				CE6C3D2F2AF3D18D004DACF9 /* Realm */,
				CE6C3D312AF3D18D004DACF9 /* RealmSwift */,
			);
			productName = iShowTime;
			productReference = CEBAAE9B2A13E824001F59A6 /* iShowTime.app */;
			productType = "com.apple.product-type.application";
		};
/* End PBXNativeTarget section */

/* Begin PBXProject section */
		CEBAAE932A13E823001F59A6 /* Project object */ = {
			isa = PBXProject;
			attributes = {
				BuildIndependentTargetsInParallel = 1;
				LastSwiftUpdateCheck = 1430;
				LastUpgradeCheck = 1500;
				TargetAttributes = {
					CEBAAE9A2A13E823001F59A6 = {
						CreatedOnToolsVersion = 14.3;
					};
				};
			};
			buildConfigurationList = CEBAAE962A13E823001F59A6 /* Build configuration list for PBXProject "iShowTime" */;
			compatibilityVersion = "Xcode 14.0";
			developmentRegion = en;
			hasScannedForEncodings = 0;
			knownRegions = (
				en,
				Base,
			);
			mainGroup = CEBAAE922A13E823001F59A6;
			packageReferences = (
				CE6C3D2E2AF3D18C004DACF9 /* XCRemoteSwiftPackageReference "realm-swift" */,
			);
			productRefGroup = CEBAAE9C2A13E824001F59A6 /* Products */;
			projectDirPath = "";
			projectRoot = "";
			targets = (
				CEBAAE9A2A13E823001F59A6 /* iShowTime */,
			);
		};
/* End PBXProject section */

/* Begin PBXResourcesBuildPhase section */
		CEBAAE992A13E823001F59A6 /* Resources */ = {
			isa = PBXResourcesBuildPhase;
			buildActionMask = 2147483647;
			files = (
				CEF456002AAB472600D5A397 /* LaunchScreen.storyboard in Resources */,
				CEBAAEA82A13E828001F59A6 /* Assets.xcassets in Resources */,
				CEF502FB2ACDD17A00DFB431 /* AccessInfo.plist in Resources */,
			);
			runOnlyForDeploymentPostprocessing = 0;
		};
/* End PBXResourcesBuildPhase section */

/* Begin PBXSourcesBuildPhase section */
		CEBAAE972A13E823001F59A6 /* Sources */ = {
			isa = PBXSourcesBuildPhase;
			buildActionMask = 2147483647;
			files = (
				CE2E1FC02AD0104B00E0FC3B /* SeriesImageView.swift in Sources */,
				CE7208332AE0362F0005C16E /* DataStoreManager.swift in Sources */,
				CEF456082AAB732900D5A397 /* Fonts.swift in Sources */,
				CE7208762AEACDBB0005C16E /* SectionViewModelProtocol.swift in Sources */,
				CE1A6B4D2AAF515000B495EB /* Colors.swift in Sources */,
				CEE4959F2AF156B20086F67A /* SeriesDetailViewController.swift in Sources */,
				CE7208552AE296B40005C16E /* CountButton.swift in Sources */,
				CEE495A12AF2ABE50086F67A /* SeriesEditableView.swift in Sources */,
				CE7208512AE186450005C16E /* UIStackView+Extensions.swift in Sources */,
				CED57AB32ADD7BB5006C7981 /* CountryService.swift in Sources */,
				CE2FD5FF2AF547EE0036EF6A /* SeriesData.swift in Sources */,
				CED6AE482ADAE47D002140C1 /* SpinnerView.swift in Sources */,
				CE8126232AEBF34D00693BF5 /* BaseSectionView + TableView.swift in Sources */,
				CE0589D62AD6E92D00DE987F /* SeriesDescriptionCell.swift in Sources */,
				CEA1A8CA2ABB46030012630D /* SearchSeriesViewModel.swift in Sources */,
				CE7208402AE16EAC0005C16E /* WatchingNowDetailView.swift in Sources */,
				CE72086A2AEA86FD0005C16E /* SeriesDetailView.swift in Sources */,
				CE0589CC2AD6C56200DE987F /* SearchDetailView.swift in Sources */,
				CE7208462AE16FC30005C16E /* WatchingNowDetailViewModel.swift in Sources */,
				CE9EA8D12AD81B9000C261C8 /* Page.swift in Sources */,
				CE81261D2AEBD2F100693BF5 /* SeriesCell.swift in Sources */,
				CE2E1FC62AD0144400E0FC3B /* SeriesProgressView.swift in Sources */,
				CE58DBDE2AD99302004CBB4B /* Images.swift in Sources */,
				CEBAAEA32A13E824001F59A6 /* SearchSeriesViewController.swift in Sources */,
				CEA1A8C62AB9F55C0012630D /* UIView+Extensions.swift in Sources */,
				CE8126212AEBE62E00693BF5 /* BaseSectionView.swift in Sources */,
				CED57AB52ADEB635006C7981 /* SeriesButton.swift in Sources */,
				CEF456042AAB547B00D5A397 /* MainTabBarController.swift in Sources */,
				CEF455FA2AAB305E00D5A397 /* SearchSeriesView.swift in Sources */,
				CEF503092ACF24C500DFB431 /* String+Extensions.swift in Sources */,
				CE9CB1452AFBE0AB00E7F4FF /* UIAction+Extensions.swift in Sources */,
				CE1A6B532AAF5F4700B495EB /* SeriesViewController.swift in Sources */,
				CE72085E2AE6C18A0005C16E /* DetailCell.swift in Sources */,
				CE7208592AE6BECF0005C16E /* DetailCellViewModel.swift in Sources */,
				CEE4958E2AEFEE630086F67A /* ErrorHandler.swift in Sources */,
				CE7208482AE17C720005C16E /* WatchingDetailViewCell.swift in Sources */,
				CE7208532AE187E10005C16E /* BaseWatchingNowDetailCell.swift in Sources */,
				CE6C3D2D2AF3C657004DACF9 /* ShowMoreButton.swift in Sources */,
				CEE495962AF1435E0086F67A /* FavouritesViewModel.swift in Sources */,
				CEBB0FBB2AC5EE1500A45074 /* SeriesDecoder.swift in Sources */,
				CE1A6B4A2AAF4D6B00B495EB /* BaseTabBarController.swift in Sources */,
				CE7208652AEA7CC40005C16E /* KeyboardManager.swift in Sources */,
				CE0589C72AD5AD1D00DE987F /* Router.swift in Sources */,
				CEBAAE9F2A13E824001F59A6 /* AppDelegate.swift in Sources */,
				CE0589CE2AD6C63400DE987F /* SearchDetailViewModel.swift in Sources */,
				CEDA98052B067D0200FBA9C2 /* UITableViewCell+Extension.swift in Sources */,
				CE72084F2AE182FE0005C16E /* BaseDetailCell.swift in Sources */,
				CE72083E2AE16DAD0005C16E /* WatchingNowDetailViewController.swift in Sources */,
				CE54A4B22AF68DAE003D84C2 /* SeriesProgress.swift in Sources */,
				CE9EA8D32AD81B9A00C261C8 /* Country.swift in Sources */,
				CEA1A8D02ABC6D580012630D /* Box.swift in Sources */,
				CEF502FD2ACDD1F100DFB431 /* PlistManager.swift in Sources */,
				CE7208722AEAC0700005C16E /* SeriesDetailView + TableView.swift in Sources */,
				CEE495922AF12C2B0086F67A /* HeartButton.swift in Sources */,
				CEF6FAEB2B03FC380070B899 /* Genres.swift in Sources */,
				CE1A6B6A2AB0921D00B495EB /* WatchingNowViewModel.swift in Sources */,
				CE7208572AE29BC50005C16E /* CountTextField.swift in Sources */,
				CEE495982AF147DD0086F67A /* FavouriteCellViewModel.swift in Sources */,
				CE72084A2AE17C7D0005C16E /* WatchingNowDetailCellViewModel.swift in Sources */,
				CEA1A8D22ABC81270012630D /* UILabel+Extensions.swift in Sources */,
				CE1A6B672AB08C9D00B495EB /* Series.swift in Sources */,
				CE2E1FC22AD011BD00E0FC3B /* VerticalStackView.swift in Sources */,
				CE0589C52AD4543300DE987F /* ImageCachingManager.swift in Sources */,
				CE81261F2AEBD3B300693BF5 /* SeriesCellViewModel.swift in Sources */,
				CE7208632AE6DE200005C16E /* SeriesDetailViewModel.swift in Sources */,
				CE65E9642ABCC209009E38E8 /* Builder.swift in Sources */,
				CE8126262AEBF78600693BF5 /* BaseSectionViewController.swift in Sources */,
				CE7208372AE150DB0005C16E /* WatchingNowCellViewModel.swift in Sources */,
				CE7208702AEABF3E0005C16E /* SeriesDetailView + Extensions.swift in Sources */,
				CE9CB1472AFBFA7D00E7F4FF /* Constants.swift in Sources */,
				CEF502F92ACDB32400DFB431 /* APIService.swift in Sources */,
				CE72086E2AEABB6B0005C16E /* TableViewWithBlurBackground.swift in Sources */,
				CE81261B2AEBD19900693BF5 /* BaseSeriesCell.swift in Sources */,
				CEF502FF2ACEFEDF00DFB431 /* Task+Extensions.swift in Sources */,
				CEBAAEA12A13E824001F59A6 /* SceneDelegate.swift in Sources */,
				CEE495942AF12E5B0086F67A /* UIButton+Extensions.swift in Sources */,
				CE72086C2AEAB94D0005C16E /* LoadingView.swift in Sources */,
				CEBB0FB92AC5E8CE00A45074 /* NetworkService.swift in Sources */,
				CE2E1FC42AD011CE00E0FC3B /* HorizontalStackView.swift in Sources */,
				CEE4959B2AF14AEC0086F67A /* FavouritesDetailViewModel.swift in Sources */,
				CE9EA8D52AD846BD00C261C8 /* SeriesDescriptionCellViewModel.swift in Sources */,
				CE72084D2AE182CA0005C16E /* BaseSeriesDescriptionCell.swift in Sources */,
			);
			runOnlyForDeploymentPostprocessing = 0;
		};
/* End PBXSourcesBuildPhase section */

/* Begin PBXVariantGroup section */
		CEBAAEA92A13E828001F59A6 /* LaunchScreen.storyboard */ = {
			isa = PBXVariantGroup;
			children = (
				CEBAAEAA2A13E828001F59A6 /* Base */,
			);
			name = LaunchScreen.storyboard;
			sourceTree = "<group>";
		};
/* End PBXVariantGroup section */

/* Begin XCBuildConfiguration section */
		CEBAAEAD2A13E828001F59A6 /* Debug */ = {
			isa = XCBuildConfiguration;
			buildSettings = {
				ALWAYS_SEARCH_USER_PATHS = NO;
				CLANG_ANALYZER_NONNULL = YES;
				CLANG_ANALYZER_NUMBER_OBJECT_CONVERSION = YES_AGGRESSIVE;
				CLANG_CXX_LANGUAGE_STANDARD = "gnu++20";
				CLANG_ENABLE_MODULES = YES;
				CLANG_ENABLE_OBJC_ARC = YES;
				CLANG_ENABLE_OBJC_WEAK = YES;
				CLANG_WARN_BLOCK_CAPTURE_AUTORELEASING = YES;
				CLANG_WARN_BOOL_CONVERSION = YES;
				CLANG_WARN_COMMA = YES;
				CLANG_WARN_CONSTANT_CONVERSION = YES;
				CLANG_WARN_DEPRECATED_OBJC_IMPLEMENTATIONS = YES;
				CLANG_WARN_DIRECT_OBJC_ISA_USAGE = YES_ERROR;
				CLANG_WARN_DOCUMENTATION_COMMENTS = YES;
				CLANG_WARN_EMPTY_BODY = YES;
				CLANG_WARN_ENUM_CONVERSION = YES;
				CLANG_WARN_INFINITE_RECURSION = YES;
				CLANG_WARN_INT_CONVERSION = YES;
				CLANG_WARN_NON_LITERAL_NULL_CONVERSION = YES;
				CLANG_WARN_OBJC_IMPLICIT_RETAIN_SELF = YES;
				CLANG_WARN_OBJC_LITERAL_CONVERSION = YES;
				CLANG_WARN_OBJC_ROOT_CLASS = YES_ERROR;
				CLANG_WARN_QUOTED_INCLUDE_IN_FRAMEWORK_HEADER = YES;
				CLANG_WARN_RANGE_LOOP_ANALYSIS = YES;
				CLANG_WARN_STRICT_PROTOTYPES = YES;
				CLANG_WARN_SUSPICIOUS_MOVE = YES;
				CLANG_WARN_UNGUARDED_AVAILABILITY = YES_AGGRESSIVE;
				CLANG_WARN_UNREACHABLE_CODE = YES;
				CLANG_WARN__DUPLICATE_METHOD_MATCH = YES;
				COPY_PHASE_STRIP = NO;
				DEBUG_INFORMATION_FORMAT = dwarf;
				ENABLE_STRICT_OBJC_MSGSEND = YES;
				ENABLE_TESTABILITY = YES;
				ENABLE_USER_SCRIPT_SANDBOXING = YES;
				GCC_C_LANGUAGE_STANDARD = gnu11;
				GCC_DYNAMIC_NO_PIC = NO;
				GCC_NO_COMMON_BLOCKS = YES;
				GCC_OPTIMIZATION_LEVEL = 0;
				GCC_PREPROCESSOR_DEFINITIONS = (
					"DEBUG=1",
					"$(inherited)",
				);
				GCC_WARN_64_TO_32_BIT_CONVERSION = YES;
				GCC_WARN_ABOUT_RETURN_TYPE = YES_ERROR;
				GCC_WARN_UNDECLARED_SELECTOR = YES;
				GCC_WARN_UNINITIALIZED_AUTOS = YES_AGGRESSIVE;
				GCC_WARN_UNUSED_FUNCTION = YES;
				GCC_WARN_UNUSED_VARIABLE = YES;
				IPHONEOS_DEPLOYMENT_TARGET = 14.0;
				MTL_ENABLE_DEBUG_INFO = INCLUDE_SOURCE;
				MTL_FAST_MATH = YES;
				ONLY_ACTIVE_ARCH = YES;
				SDKROOT = iphoneos;
				SWIFT_ACTIVE_COMPILATION_CONDITIONS = DEBUG;
				SWIFT_OPTIMIZATION_LEVEL = "-Onone";
			};
			name = Debug;
		};
		CEBAAEAE2A13E828001F59A6 /* Release */ = {
			isa = XCBuildConfiguration;
			buildSettings = {
				ALWAYS_SEARCH_USER_PATHS = NO;
				CLANG_ANALYZER_NONNULL = YES;
				CLANG_ANALYZER_NUMBER_OBJECT_CONVERSION = YES_AGGRESSIVE;
				CLANG_CXX_LANGUAGE_STANDARD = "gnu++20";
				CLANG_ENABLE_MODULES = YES;
				CLANG_ENABLE_OBJC_ARC = YES;
				CLANG_ENABLE_OBJC_WEAK = YES;
				CLANG_WARN_BLOCK_CAPTURE_AUTORELEASING = YES;
				CLANG_WARN_BOOL_CONVERSION = YES;
				CLANG_WARN_COMMA = YES;
				CLANG_WARN_CONSTANT_CONVERSION = YES;
				CLANG_WARN_DEPRECATED_OBJC_IMPLEMENTATIONS = YES;
				CLANG_WARN_DIRECT_OBJC_ISA_USAGE = YES_ERROR;
				CLANG_WARN_DOCUMENTATION_COMMENTS = YES;
				CLANG_WARN_EMPTY_BODY = YES;
				CLANG_WARN_ENUM_CONVERSION = YES;
				CLANG_WARN_INFINITE_RECURSION = YES;
				CLANG_WARN_INT_CONVERSION = YES;
				CLANG_WARN_NON_LITERAL_NULL_CONVERSION = YES;
				CLANG_WARN_OBJC_IMPLICIT_RETAIN_SELF = YES;
				CLANG_WARN_OBJC_LITERAL_CONVERSION = YES;
				CLANG_WARN_OBJC_ROOT_CLASS = YES_ERROR;
				CLANG_WARN_QUOTED_INCLUDE_IN_FRAMEWORK_HEADER = YES;
				CLANG_WARN_RANGE_LOOP_ANALYSIS = YES;
				CLANG_WARN_STRICT_PROTOTYPES = YES;
				CLANG_WARN_SUSPICIOUS_MOVE = YES;
				CLANG_WARN_UNGUARDED_AVAILABILITY = YES_AGGRESSIVE;
				CLANG_WARN_UNREACHABLE_CODE = YES;
				CLANG_WARN__DUPLICATE_METHOD_MATCH = YES;
				COPY_PHASE_STRIP = NO;
				DEBUG_INFORMATION_FORMAT = "dwarf-with-dsym";
				ENABLE_NS_ASSERTIONS = NO;
				ENABLE_STRICT_OBJC_MSGSEND = YES;
				ENABLE_USER_SCRIPT_SANDBOXING = YES;
				GCC_C_LANGUAGE_STANDARD = gnu11;
				GCC_NO_COMMON_BLOCKS = YES;
				GCC_WARN_64_TO_32_BIT_CONVERSION = YES;
				GCC_WARN_ABOUT_RETURN_TYPE = YES_ERROR;
				GCC_WARN_UNDECLARED_SELECTOR = YES;
				GCC_WARN_UNINITIALIZED_AUTOS = YES_AGGRESSIVE;
				GCC_WARN_UNUSED_FUNCTION = YES;
				GCC_WARN_UNUSED_VARIABLE = YES;
				IPHONEOS_DEPLOYMENT_TARGET = 14.0;
				MTL_ENABLE_DEBUG_INFO = NO;
				MTL_FAST_MATH = YES;
				SDKROOT = iphoneos;
				SWIFT_COMPILATION_MODE = wholemodule;
				SWIFT_OPTIMIZATION_LEVEL = "-O";
				VALIDATE_PRODUCT = YES;
			};
			name = Release;
		};
		CEBAAEB02A13E828001F59A6 /* Debug */ = {
			isa = XCBuildConfiguration;
			buildSettings = {
				ASSETCATALOG_COMPILER_APPICON_NAME = AppIcon;
				ASSETCATALOG_COMPILER_GLOBAL_ACCENT_COLOR_NAME = AccentColor;
				CODE_SIGN_STYLE = Automatic;
				CURRENT_PROJECT_VERSION = 1;
				DEVELOPMENT_TEAM = TWWBX6RB4S;
				ENABLE_USER_SCRIPT_SANDBOXING = YES;
				GENERATE_INFOPLIST_FILE = YES;
				INFOPLIST_FILE = iShowTime/Info.plist;
				INFOPLIST_KEY_UIApplicationSupportsIndirectInputEvents = YES;
				INFOPLIST_KEY_UILaunchStoryboardName = LaunchScreen;
				INFOPLIST_KEY_UIStatusBarStyle = "";
				INFOPLIST_KEY_UISupportedInterfaceOrientations = UIInterfaceOrientationPortrait;
				INFOPLIST_KEY_UISupportedInterfaceOrientations_iPad = "UIInterfaceOrientationLandscapeLeft UIInterfaceOrientationLandscapeRight UIInterfaceOrientationPortrait UIInterfaceOrientationPortraitUpsideDown";
				INFOPLIST_KEY_UIUserInterfaceStyle = Light;
				IPHONEOS_DEPLOYMENT_TARGET = 14.0;
				LD_RUNPATH_SEARCH_PATHS = (
					"$(inherited)",
					"@executable_path/Frameworks",
				);
				MARKETING_VERSION = 1.0;
				OTHER_LDFLAGS = (
					"-Xlinker",
					"-no_warn_duplicate_libraries",
				);
				PRODUCT_BUNDLE_IDENTIFIER = "Mark-Kovalchuk.iShowTime";
				PRODUCT_NAME = "$(TARGET_NAME)";
				SUPPORTED_PLATFORMS = "iphoneos iphonesimulator";
				SUPPORTS_MACCATALYST = NO;
				SUPPORTS_MAC_DESIGNED_FOR_IPHONE_IPAD = NO;
				SWIFT_EMIT_LOC_STRINGS = YES;
				SWIFT_VERSION = 5.0;
				TARGETED_DEVICE_FAMILY = 1;
			};
			name = Debug;
		};
		CEBAAEB12A13E828001F59A6 /* Release */ = {
			isa = XCBuildConfiguration;
			buildSettings = {
				ASSETCATALOG_COMPILER_APPICON_NAME = AppIcon;
				ASSETCATALOG_COMPILER_GLOBAL_ACCENT_COLOR_NAME = AccentColor;
				CODE_SIGN_STYLE = Automatic;
				CURRENT_PROJECT_VERSION = 1;
				DEVELOPMENT_TEAM = TWWBX6RB4S;
				ENABLE_USER_SCRIPT_SANDBOXING = YES;
				GENERATE_INFOPLIST_FILE = YES;
				INFOPLIST_FILE = iShowTime/Info.plist;
				INFOPLIST_KEY_UIApplicationSupportsIndirectInputEvents = YES;
				INFOPLIST_KEY_UILaunchStoryboardName = LaunchScreen;
				INFOPLIST_KEY_UIStatusBarStyle = "";
				INFOPLIST_KEY_UISupportedInterfaceOrientations = UIInterfaceOrientationPortrait;
				INFOPLIST_KEY_UISupportedInterfaceOrientations_iPad = "UIInterfaceOrientationLandscapeLeft UIInterfaceOrientationLandscapeRight UIInterfaceOrientationPortrait UIInterfaceOrientationPortraitUpsideDown";
				INFOPLIST_KEY_UIUserInterfaceStyle = Light;
				IPHONEOS_DEPLOYMENT_TARGET = 14.0;
				LD_RUNPATH_SEARCH_PATHS = (
					"$(inherited)",
					"@executable_path/Frameworks",
				);
				MARKETING_VERSION = 1.0;
				OTHER_LDFLAGS = (
					"-Xlinker",
					"-no_warn_duplicate_libraries",
				);
				PRODUCT_BUNDLE_IDENTIFIER = "Mark-Kovalchuk.iShowTime";
				PRODUCT_NAME = "$(TARGET_NAME)";
				SUPPORTED_PLATFORMS = "iphoneos iphonesimulator";
				SUPPORTS_MACCATALYST = NO;
				SUPPORTS_MAC_DESIGNED_FOR_IPHONE_IPAD = NO;
				SWIFT_EMIT_LOC_STRINGS = YES;
				SWIFT_VERSION = 5.0;
				TARGETED_DEVICE_FAMILY = 1;
			};
			name = Release;
		};
/* End XCBuildConfiguration section */

/* Begin XCConfigurationList section */
		CEBAAE962A13E823001F59A6 /* Build configuration list for PBXProject "iShowTime" */ = {
			isa = XCConfigurationList;
			buildConfigurations = (
				CEBAAEAD2A13E828001F59A6 /* Debug */,
				CEBAAEAE2A13E828001F59A6 /* Release */,
			);
			defaultConfigurationIsVisible = 0;
			defaultConfigurationName = Release;
		};
		CEBAAEAF2A13E828001F59A6 /* Build configuration list for PBXNativeTarget "iShowTime" */ = {
			isa = XCConfigurationList;
			buildConfigurations = (
				CEBAAEB02A13E828001F59A6 /* Debug */,
				CEBAAEB12A13E828001F59A6 /* Release */,
			);
			defaultConfigurationIsVisible = 0;
			defaultConfigurationName = Release;
		};
/* End XCConfigurationList section */

/* Begin XCRemoteSwiftPackageReference section */
		CE6C3D2E2AF3D18C004DACF9 /* XCRemoteSwiftPackageReference "realm-swift" */ = {
			isa = XCRemoteSwiftPackageReference;
			repositoryURL = "https://github.com/realm/realm-swift.git";
			requirement = {
				branch = master;
				kind = branch;
			};
		};
/* End XCRemoteSwiftPackageReference section */

/* Begin XCSwiftPackageProductDependency section */
		CE6C3D2F2AF3D18D004DACF9 /* Realm */ = {
			isa = XCSwiftPackageProductDependency;
			package = CE6C3D2E2AF3D18C004DACF9 /* XCRemoteSwiftPackageReference "realm-swift" */;
			productName = Realm;
		};
		CE6C3D312AF3D18D004DACF9 /* RealmSwift */ = {
			isa = XCSwiftPackageProductDependency;
			package = CE6C3D2E2AF3D18C004DACF9 /* XCRemoteSwiftPackageReference "realm-swift" */;
			productName = RealmSwift;
		};
/* End XCSwiftPackageProductDependency section */
	};
	rootObject = CEBAAE932A13E823001F59A6 /* Project object */;
}
