// !$*UTF8*$!
{
	archiveVersion = 1;
	classes = {
	};
	objectVersion = 56;
	objects = {

/* Begin PBXBuildFile section */
		CE0589C52AD4543300DE987F /* ImageCachingManager.swift in Sources */ = {isa = PBXBuildFile; fileRef = CE0589C42AD4543300DE987F /* ImageCachingManager.swift */; };
		CE0589C72AD5AD1D00DE987F /* Router.swift in Sources */ = {isa = PBXBuildFile; fileRef = CE0589C62AD5AD1D00DE987F /* Router.swift */; };
		CE1A6B4A2AAF4D6B00B495EB /* BaseTabBarController.swift in Sources */ = {isa = PBXBuildFile; fileRef = CE1A6B492AAF4D6B00B495EB /* BaseTabBarController.swift */; };
		CE1A6B4D2AAF515000B495EB /* Colors.swift in Sources */ = {isa = PBXBuildFile; fileRef = CE1A6B4C2AAF515000B495EB /* Colors.swift */; };
		CE1A6B532AAF5F4700B495EB /* WatchingNowViewController.swift in Sources */ = {isa = PBXBuildFile; fileRef = CE1A6B522AAF5F4700B495EB /* WatchingNowViewController.swift */; };
		CE1A6B562AAF5F6800B495EB /* WatchingNowView.swift in Sources */ = {isa = PBXBuildFile; fileRef = CE1A6B552AAF5F6800B495EB /* WatchingNowView.swift */; };
		CE1A6B592AAF646900B495EB /* WatchingNowConstants.swift in Sources */ = {isa = PBXBuildFile; fileRef = CE1A6B582AAF646900B495EB /* WatchingNowConstants.swift */; };
		CE1A6B5C2AAF66BD00B495EB /* UIImage+Extensions.swift in Sources */ = {isa = PBXBuildFile; fileRef = CE1A6B5B2AAF66BD00B495EB /* UIImage+Extensions.swift */; };
		CE1A6B5E2AAF6C0F00B495EB /* FinishedViewController.swift in Sources */ = {isa = PBXBuildFile; fileRef = CE1A6B5D2AAF6C0F00B495EB /* FinishedViewController.swift */; };
		CE1A6B602AAF6C3E00B495EB /* FinishedView.swift in Sources */ = {isa = PBXBuildFile; fileRef = CE1A6B5F2AAF6C3E00B495EB /* FinishedView.swift */; };
		CE1A6B652AAF6D1E00B495EB /* FinishedConstants.swift in Sources */ = {isa = PBXBuildFile; fileRef = CE1A6B642AAF6D1E00B495EB /* FinishedConstants.swift */; };
		CE1A6B672AB08C9D00B495EB /* SeriesModel.swift in Sources */ = {isa = PBXBuildFile; fileRef = CE1A6B662AB08C9D00B495EB /* SeriesModel.swift */; };
		CE1A6B6A2AB0921D00B495EB /* WatchingNowViewModel.swift in Sources */ = {isa = PBXBuildFile; fileRef = CE1A6B692AB0921D00B495EB /* WatchingNowViewModel.swift */; };
		CE2E1FC02AD0104B00E0FC3B /* SeriesImageView.swift in Sources */ = {isa = PBXBuildFile; fileRef = CE2E1FBF2AD0104B00E0FC3B /* SeriesImageView.swift */; };
		CE2E1FC22AD011BD00E0FC3B /* VerticalStackView.swift in Sources */ = {isa = PBXBuildFile; fileRef = CE2E1FC12AD011BD00E0FC3B /* VerticalStackView.swift */; };
		CE2E1FC42AD011CE00E0FC3B /* HorizontalStackView.swift in Sources */ = {isa = PBXBuildFile; fileRef = CE2E1FC32AD011CE00E0FC3B /* HorizontalStackView.swift */; };
		CE2E1FC62AD0144400E0FC3B /* SeriesProgressView.swift in Sources */ = {isa = PBXBuildFile; fileRef = CE2E1FC52AD0144400E0FC3B /* SeriesProgressView.swift */; };
		CE65E9642ABCC209009E38E8 /* Builder.swift in Sources */ = {isa = PBXBuildFile; fileRef = CE65E9632ABCC209009E38E8 /* Builder.swift */; };
		CEA1A86E2AB0A5220012630D /* WatchingNowSeriesCell.swift in Sources */ = {isa = PBXBuildFile; fileRef = CEA1A86D2AB0A5220012630D /* WatchingNowSeriesCell.swift */; };
		CEA1A8C42AB9D7C20012630D /* BaseTabBarViewModel.swift in Sources */ = {isa = PBXBuildFile; fileRef = CEA1A8C32AB9D7C20012630D /* BaseTabBarViewModel.swift */; };
		CEA1A8C62AB9F55C0012630D /* UIView+Extensions.swift in Sources */ = {isa = PBXBuildFile; fileRef = CEA1A8C52AB9F55B0012630D /* UIView+Extensions.swift */; };
		CEA1A8C82ABB37890012630D /* SearchSeriesView+Extensions.swift in Sources */ = {isa = PBXBuildFile; fileRef = CEA1A8C72ABB37890012630D /* SearchSeriesView+Extensions.swift */; };
		CEA1A8CA2ABB46030012630D /* SearchSeriesViewModel.swift in Sources */ = {isa = PBXBuildFile; fileRef = CEA1A8C92ABB46030012630D /* SearchSeriesViewModel.swift */; };
		CEA1A8D02ABC6D580012630D /* Box.swift in Sources */ = {isa = PBXBuildFile; fileRef = CEA1A8CF2ABC6D580012630D /* Box.swift */; };
		CEA1A8D22ABC81270012630D /* UILabel+Extensions.swift in Sources */ = {isa = PBXBuildFile; fileRef = CEA1A8D12ABC81270012630D /* UILabel+Extensions.swift */; };
		CEA1A8D42ABC9B3E0012630D /* SearchSeriesViewController+TableView.swift in Sources */ = {isa = PBXBuildFile; fileRef = CEA1A8D32ABC9B3D0012630D /* SearchSeriesViewController+TableView.swift */; };
		CEBAAE9F2A13E824001F59A6 /* AppDelegate.swift in Sources */ = {isa = PBXBuildFile; fileRef = CEBAAE9E2A13E824001F59A6 /* AppDelegate.swift */; };
		CEBAAEA12A13E824001F59A6 /* SceneDelegate.swift in Sources */ = {isa = PBXBuildFile; fileRef = CEBAAEA02A13E824001F59A6 /* SceneDelegate.swift */; };
		CEBAAEA32A13E824001F59A6 /* SearchSeriesViewController.swift in Sources */ = {isa = PBXBuildFile; fileRef = CEBAAEA22A13E824001F59A6 /* SearchSeriesViewController.swift */; };
		CEBAAEA82A13E828001F59A6 /* Assets.xcassets in Resources */ = {isa = PBXBuildFile; fileRef = CEBAAEA72A13E828001F59A6 /* Assets.xcassets */; };
		CEBB0FB92AC5E8CE00A45074 /* NetworkService.swift in Sources */ = {isa = PBXBuildFile; fileRef = CEBB0FB82AC5E8CE00A45074 /* NetworkService.swift */; };
		CEBB0FBB2AC5EE1500A45074 /* SeriesDecoder.swift in Sources */ = {isa = PBXBuildFile; fileRef = CEBB0FBA2AC5EE1500A45074 /* SeriesDecoder.swift */; };
		CEF455FA2AAB305E00D5A397 /* SearchSeriesView.swift in Sources */ = {isa = PBXBuildFile; fileRef = CEF455F92AAB305E00D5A397 /* SearchSeriesView.swift */; };
		CEF456002AAB472600D5A397 /* LaunchScreen.storyboard in Resources */ = {isa = PBXBuildFile; fileRef = CEBAAEA92A13E828001F59A6 /* LaunchScreen.storyboard */; };
		CEF456022AAB4BDD00D5A397 /* SearchModuleConstants.swift in Sources */ = {isa = PBXBuildFile; fileRef = CEF456012AAB4BDD00D5A397 /* SearchModuleConstants.swift */; };
		CEF456042AAB547B00D5A397 /* MainTabBarController.swift in Sources */ = {isa = PBXBuildFile; fileRef = CEF456032AAB547B00D5A397 /* MainTabBarController.swift */; };
		CEF456082AAB732900D5A397 /* Fonts.swift in Sources */ = {isa = PBXBuildFile; fileRef = CEF456072AAB732900D5A397 /* Fonts.swift */; };
		CEF4560B2AAB75A300D5A397 /* TabBarImages.swift in Sources */ = {isa = PBXBuildFile; fileRef = CEF4560A2AAB75A200D5A397 /* TabBarImages.swift */; };
		CEF502F92ACDB32400DFB431 /* APIService.swift in Sources */ = {isa = PBXBuildFile; fileRef = CEF502F82ACDB32400DFB431 /* APIService.swift */; };
		CEF502FB2ACDD17A00DFB431 /* AccessInfo.plist in Resources */ = {isa = PBXBuildFile; fileRef = CEF502FA2ACDD17A00DFB431 /* AccessInfo.plist */; };
		CEF502FD2ACDD1F100DFB431 /* PlistManager.swift in Sources */ = {isa = PBXBuildFile; fileRef = CEF502FC2ACDD1F100DFB431 /* PlistManager.swift */; };
		CEF502FF2ACEFEDF00DFB431 /* Task+Extensions.swift in Sources */ = {isa = PBXBuildFile; fileRef = CEF502FE2ACEFEDF00DFB431 /* Task+Extensions.swift */; };
		CEF503012ACF0BC800DFB431 /* SearchSeriesCell.swift in Sources */ = {isa = PBXBuildFile; fileRef = CEF503002ACF0BC800DFB431 /* SearchSeriesCell.swift */; };
		CEF503032ACF0BF900DFB431 /* SearchSeriesCellViewModel.swift in Sources */ = {isa = PBXBuildFile; fileRef = CEF503022ACF0BF900DFB431 /* SearchSeriesCellViewModel.swift */; };
		CEF503072ACF13B400DFB431 /* BaseTableViewCell.swift in Sources */ = {isa = PBXBuildFile; fileRef = CEF503062ACF13B400DFB431 /* BaseTableViewCell.swift */; };
		CEF503092ACF24C500DFB431 /* String+Extensions.swift in Sources */ = {isa = PBXBuildFile; fileRef = CEF503082ACF24C400DFB431 /* String+Extensions.swift */; };
		CEF5030B2ACF298700DFB431 /* Double+Extensions.swift in Sources */ = {isa = PBXBuildFile; fileRef = CEF5030A2ACF298700DFB431 /* Double+Extensions.swift */; };
		CEF5030D2ACF334500DFB431 /* UIImageView+Extensions.swift in Sources */ = {isa = PBXBuildFile; fileRef = CEF5030C2ACF334500DFB431 /* UIImageView+Extensions.swift */; };
/* End PBXBuildFile section */

/* Begin PBXFileReference section */
		CE0589C42AD4543300DE987F /* ImageCachingManager.swift */ = {isa = PBXFileReference; lastKnownFileType = sourcecode.swift; path = ImageCachingManager.swift; sourceTree = "<group>"; };
		CE0589C62AD5AD1D00DE987F /* Router.swift */ = {isa = PBXFileReference; lastKnownFileType = sourcecode.swift; path = Router.swift; sourceTree = "<group>"; };
		CE1A6B492AAF4D6B00B495EB /* BaseTabBarController.swift */ = {isa = PBXFileReference; lastKnownFileType = sourcecode.swift; path = BaseTabBarController.swift; sourceTree = "<group>"; };
		CE1A6B4C2AAF515000B495EB /* Colors.swift */ = {isa = PBXFileReference; lastKnownFileType = sourcecode.swift; path = Colors.swift; sourceTree = "<group>"; };
		CE1A6B522AAF5F4700B495EB /* WatchingNowViewController.swift */ = {isa = PBXFileReference; lastKnownFileType = sourcecode.swift; path = WatchingNowViewController.swift; sourceTree = "<group>"; };
		CE1A6B552AAF5F6800B495EB /* WatchingNowView.swift */ = {isa = PBXFileReference; lastKnownFileType = sourcecode.swift; path = WatchingNowView.swift; sourceTree = "<group>"; };
		CE1A6B582AAF646900B495EB /* WatchingNowConstants.swift */ = {isa = PBXFileReference; lastKnownFileType = sourcecode.swift; path = WatchingNowConstants.swift; sourceTree = "<group>"; };
		CE1A6B5B2AAF66BD00B495EB /* UIImage+Extensions.swift */ = {isa = PBXFileReference; lastKnownFileType = sourcecode.swift; path = "UIImage+Extensions.swift"; sourceTree = "<group>"; };
		CE1A6B5D2AAF6C0F00B495EB /* FinishedViewController.swift */ = {isa = PBXFileReference; lastKnownFileType = sourcecode.swift; path = FinishedViewController.swift; sourceTree = "<group>"; };
		CE1A6B5F2AAF6C3E00B495EB /* FinishedView.swift */ = {isa = PBXFileReference; lastKnownFileType = sourcecode.swift; path = FinishedView.swift; sourceTree = "<group>"; };
		CE1A6B642AAF6D1E00B495EB /* FinishedConstants.swift */ = {isa = PBXFileReference; lastKnownFileType = sourcecode.swift; path = FinishedConstants.swift; sourceTree = "<group>"; };
		CE1A6B662AB08C9D00B495EB /* SeriesModel.swift */ = {isa = PBXFileReference; lastKnownFileType = sourcecode.swift; path = SeriesModel.swift; sourceTree = "<group>"; };
		CE1A6B692AB0921D00B495EB /* WatchingNowViewModel.swift */ = {isa = PBXFileReference; lastKnownFileType = sourcecode.swift; path = WatchingNowViewModel.swift; sourceTree = "<group>"; };
		CE2E1FBF2AD0104B00E0FC3B /* SeriesImageView.swift */ = {isa = PBXFileReference; lastKnownFileType = sourcecode.swift; path = SeriesImageView.swift; sourceTree = "<group>"; };
		CE2E1FC12AD011BD00E0FC3B /* VerticalStackView.swift */ = {isa = PBXFileReference; lastKnownFileType = sourcecode.swift; path = VerticalStackView.swift; sourceTree = "<group>"; };
		CE2E1FC32AD011CE00E0FC3B /* HorizontalStackView.swift */ = {isa = PBXFileReference; lastKnownFileType = sourcecode.swift; path = HorizontalStackView.swift; sourceTree = "<group>"; };
		CE2E1FC52AD0144400E0FC3B /* SeriesProgressView.swift */ = {isa = PBXFileReference; lastKnownFileType = sourcecode.swift; path = SeriesProgressView.swift; sourceTree = "<group>"; };
		CE65E9632ABCC209009E38E8 /* Builder.swift */ = {isa = PBXFileReference; fileEncoding = 4; lastKnownFileType = sourcecode.swift; path = Builder.swift; sourceTree = "<group>"; };
		CEA1A86D2AB0A5220012630D /* WatchingNowSeriesCell.swift */ = {isa = PBXFileReference; lastKnownFileType = sourcecode.swift; path = WatchingNowSeriesCell.swift; sourceTree = "<group>"; };
		CEA1A8C32AB9D7C20012630D /* BaseTabBarViewModel.swift */ = {isa = PBXFileReference; lastKnownFileType = sourcecode.swift; path = BaseTabBarViewModel.swift; sourceTree = "<group>"; };
		CEA1A8C52AB9F55B0012630D /* UIView+Extensions.swift */ = {isa = PBXFileReference; lastKnownFileType = sourcecode.swift; path = "UIView+Extensions.swift"; sourceTree = "<group>"; };
		CEA1A8C72ABB37890012630D /* SearchSeriesView+Extensions.swift */ = {isa = PBXFileReference; lastKnownFileType = sourcecode.swift; path = "SearchSeriesView+Extensions.swift"; sourceTree = "<group>"; };
		CEA1A8C92ABB46030012630D /* SearchSeriesViewModel.swift */ = {isa = PBXFileReference; lastKnownFileType = sourcecode.swift; path = SearchSeriesViewModel.swift; sourceTree = "<group>"; };
		CEA1A8CF2ABC6D580012630D /* Box.swift */ = {isa = PBXFileReference; lastKnownFileType = sourcecode.swift; path = Box.swift; sourceTree = "<group>"; };
		CEA1A8D12ABC81270012630D /* UILabel+Extensions.swift */ = {isa = PBXFileReference; lastKnownFileType = sourcecode.swift; path = "UILabel+Extensions.swift"; sourceTree = "<group>"; };
		CEA1A8D32ABC9B3D0012630D /* SearchSeriesViewController+TableView.swift */ = {isa = PBXFileReference; lastKnownFileType = sourcecode.swift; path = "SearchSeriesViewController+TableView.swift"; sourceTree = "<group>"; };
		CEBAAE9B2A13E824001F59A6 /* iShowTime.app */ = {isa = PBXFileReference; explicitFileType = wrapper.application; includeInIndex = 0; path = iShowTime.app; sourceTree = BUILT_PRODUCTS_DIR; };
		CEBAAE9E2A13E824001F59A6 /* AppDelegate.swift */ = {isa = PBXFileReference; lastKnownFileType = sourcecode.swift; path = AppDelegate.swift; sourceTree = "<group>"; };
		CEBAAEA02A13E824001F59A6 /* SceneDelegate.swift */ = {isa = PBXFileReference; lastKnownFileType = sourcecode.swift; path = SceneDelegate.swift; sourceTree = "<group>"; };
		CEBAAEA22A13E824001F59A6 /* SearchSeriesViewController.swift */ = {isa = PBXFileReference; lastKnownFileType = sourcecode.swift; path = SearchSeriesViewController.swift; sourceTree = "<group>"; };
		CEBAAEA72A13E828001F59A6 /* Assets.xcassets */ = {isa = PBXFileReference; lastKnownFileType = folder.assetcatalog; path = Assets.xcassets; sourceTree = "<group>"; };
		CEBAAEAA2A13E828001F59A6 /* Base */ = {isa = PBXFileReference; lastKnownFileType = file.storyboard; name = Base; path = Base.lproj/LaunchScreen.storyboard; sourceTree = "<group>"; };
		CEBAAEAC2A13E828001F59A6 /* Info.plist */ = {isa = PBXFileReference; lastKnownFileType = text.plist.xml; path = Info.plist; sourceTree = "<group>"; };
		CEBB0FB82AC5E8CE00A45074 /* NetworkService.swift */ = {isa = PBXFileReference; lastKnownFileType = sourcecode.swift; path = NetworkService.swift; sourceTree = "<group>"; };
		CEBB0FBA2AC5EE1500A45074 /* SeriesDecoder.swift */ = {isa = PBXFileReference; lastKnownFileType = sourcecode.swift; path = SeriesDecoder.swift; sourceTree = "<group>"; };
		CEF455F92AAB305E00D5A397 /* SearchSeriesView.swift */ = {isa = PBXFileReference; lastKnownFileType = sourcecode.swift; path = SearchSeriesView.swift; sourceTree = "<group>"; };
		CEF456012AAB4BDD00D5A397 /* SearchModuleConstants.swift */ = {isa = PBXFileReference; lastKnownFileType = sourcecode.swift; path = SearchModuleConstants.swift; sourceTree = "<group>"; };
		CEF456032AAB547B00D5A397 /* MainTabBarController.swift */ = {isa = PBXFileReference; lastKnownFileType = sourcecode.swift; path = MainTabBarController.swift; sourceTree = "<group>"; };
		CEF456072AAB732900D5A397 /* Fonts.swift */ = {isa = PBXFileReference; lastKnownFileType = sourcecode.swift; path = Fonts.swift; sourceTree = "<group>"; };
		CEF4560A2AAB75A200D5A397 /* TabBarImages.swift */ = {isa = PBXFileReference; lastKnownFileType = sourcecode.swift; path = TabBarImages.swift; sourceTree = "<group>"; };
		CEF502F82ACDB32400DFB431 /* APIService.swift */ = {isa = PBXFileReference; lastKnownFileType = sourcecode.swift; path = APIService.swift; sourceTree = "<group>"; };
		CEF502FA2ACDD17A00DFB431 /* AccessInfo.plist */ = {isa = PBXFileReference; lastKnownFileType = text.plist.xml; path = AccessInfo.plist; sourceTree = "<group>"; };
		CEF502FC2ACDD1F100DFB431 /* PlistManager.swift */ = {isa = PBXFileReference; lastKnownFileType = sourcecode.swift; path = PlistManager.swift; sourceTree = "<group>"; };
		CEF502FE2ACEFEDF00DFB431 /* Task+Extensions.swift */ = {isa = PBXFileReference; lastKnownFileType = sourcecode.swift; path = "Task+Extensions.swift"; sourceTree = "<group>"; };
		CEF503002ACF0BC800DFB431 /* SearchSeriesCell.swift */ = {isa = PBXFileReference; lastKnownFileType = sourcecode.swift; path = SearchSeriesCell.swift; sourceTree = "<group>"; };
		CEF503022ACF0BF900DFB431 /* SearchSeriesCellViewModel.swift */ = {isa = PBXFileReference; lastKnownFileType = sourcecode.swift; path = SearchSeriesCellViewModel.swift; sourceTree = "<group>"; };
		CEF503062ACF13B400DFB431 /* BaseTableViewCell.swift */ = {isa = PBXFileReference; lastKnownFileType = sourcecode.swift; path = BaseTableViewCell.swift; sourceTree = "<group>"; };
		CEF503082ACF24C400DFB431 /* String+Extensions.swift */ = {isa = PBXFileReference; lastKnownFileType = sourcecode.swift; path = "String+Extensions.swift"; sourceTree = "<group>"; };
		CEF5030A2ACF298700DFB431 /* Double+Extensions.swift */ = {isa = PBXFileReference; lastKnownFileType = sourcecode.swift; path = "Double+Extensions.swift"; sourceTree = "<group>"; };
		CEF5030C2ACF334500DFB431 /* UIImageView+Extensions.swift */ = {isa = PBXFileReference; lastKnownFileType = sourcecode.swift; path = "UIImageView+Extensions.swift"; sourceTree = "<group>"; };
/* End PBXFileReference section */

/* Begin PBXFrameworksBuildPhase section */
		CEBAAE982A13E823001F59A6 /* Frameworks */ = {
			isa = PBXFrameworksBuildPhase;
			buildActionMask = 2147483647;
			files = (
			);
			runOnlyForDeploymentPostprocessing = 0;
		};
/* End PBXFrameworksBuildPhase section */

/* Begin PBXGroup section */
		CE1A6B4B2AAF513800B495EB /* Colors */ = {
			isa = PBXGroup;
			children = (
				CE1A6B4C2AAF515000B495EB /* Colors.swift */,
			);
			path = Colors;
			sourceTree = "<group>";
		};
		CE1A6B4F2AAF56C900B495EB /* Resources */ = {
			isa = PBXGroup;
			children = (
				CEF455FD2AAB439600D5A397 /* Constants */,
				CEF456092AAB758E00D5A397 /* Images */,
				CE1A6B4B2AAF513800B495EB /* Colors */,
				CEF456062AAB731200D5A397 /* Fonts */,
				CEBAAEA72A13E828001F59A6 /* Assets.xcassets */,
				CEF502FA2ACDD17A00DFB431 /* AccessInfo.plist */,
			);
			path = Resources;
			sourceTree = "<group>";
		};
		CE1A6B502AAF5C5500B495EB /* SystemFiles */ = {
			isa = PBXGroup;
			children = (
				CEBAAE9E2A13E824001F59A6 /* AppDelegate.swift */,
				CEBAAEA02A13E824001F59A6 /* SceneDelegate.swift */,
				CEBAAEA92A13E828001F59A6 /* LaunchScreen.storyboard */,
			);
			path = SystemFiles;
			sourceTree = "<group>";
		};
		CE1A6B512AAF5E0E00B495EB /* WatchingNowModule */ = {
			isa = PBXGroup;
			children = (
				CE1A6B6B2AB0922600B495EB /* ViewModels */,
				CE1A6B542AAF5F5000B495EB /* ViewControllers */,
				CE1A6B572AAF5F7E00B495EB /* Views */,
			);
			path = WatchingNowModule;
			sourceTree = "<group>";
		};
		CE1A6B542AAF5F5000B495EB /* ViewControllers */ = {
			isa = PBXGroup;
			children = (
				CE1A6B522AAF5F4700B495EB /* WatchingNowViewController.swift */,
			);
			path = ViewControllers;
			sourceTree = "<group>";
		};
		CE1A6B572AAF5F7E00B495EB /* Views */ = {
			isa = PBXGroup;
			children = (
				CE1A6B552AAF5F6800B495EB /* WatchingNowView.swift */,
				CEA1A86D2AB0A5220012630D /* WatchingNowSeriesCell.swift */,
			);
			path = Views;
			sourceTree = "<group>";
		};
		CE1A6B5A2AAF66AD00B495EB /* Extensions */ = {
			isa = PBXGroup;
			children = (
				CE1A6B5B2AAF66BD00B495EB /* UIImage+Extensions.swift */,
				CEA1A8D12ABC81270012630D /* UILabel+Extensions.swift */,
				CEA1A8C52AB9F55B0012630D /* UIView+Extensions.swift */,
				CEF502FE2ACEFEDF00DFB431 /* Task+Extensions.swift */,
				CEF503082ACF24C400DFB431 /* String+Extensions.swift */,
				CEF5030A2ACF298700DFB431 /* Double+Extensions.swift */,
				CEF5030C2ACF334500DFB431 /* UIImageView+Extensions.swift */,
			);
			path = Extensions;
			sourceTree = "<group>";
		};
		CE1A6B612AAF6C4300B495EB /* ViewControllers */ = {
			isa = PBXGroup;
			children = (
				CE1A6B5D2AAF6C0F00B495EB /* FinishedViewController.swift */,
			);
			path = ViewControllers;
			sourceTree = "<group>";
		};
		CE1A6B622AAF6C5200B495EB /* View */ = {
			isa = PBXGroup;
			children = (
				CE1A6B5F2AAF6C3E00B495EB /* FinishedView.swift */,
			);
			path = View;
			sourceTree = "<group>";
		};
		CE1A6B632AAF6C5B00B495EB /* FinishedModule */ = {
			isa = PBXGroup;
			children = (
				CE1A6B612AAF6C4300B495EB /* ViewControllers */,
				CE1A6B622AAF6C5200B495EB /* View */,
			);
			path = FinishedModule;
			sourceTree = "<group>";
		};
		CE1A6B682AB08CA900B495EB /* Model */ = {
			isa = PBXGroup;
			children = (
				CE1A6B662AB08C9D00B495EB /* SeriesModel.swift */,
			);
			path = Model;
			sourceTree = "<group>";
		};
		CE1A6B6B2AB0922600B495EB /* ViewModels */ = {
			isa = PBXGroup;
			children = (
				CE1A6B692AB0921D00B495EB /* WatchingNowViewModel.swift */,
			);
			path = ViewModels;
			sourceTree = "<group>";
		};
		CE2E1FBE2AD0101800E0FC3B /* CustomViews */ = {
			isa = PBXGroup;
			children = (
				CEF503062ACF13B400DFB431 /* BaseTableViewCell.swift */,
				CE2E1FBF2AD0104B00E0FC3B /* SeriesImageView.swift */,
				CE2E1FC52AD0144400E0FC3B /* SeriesProgressView.swift */,
				CE2E1FC12AD011BD00E0FC3B /* VerticalStackView.swift */,
				CE2E1FC32AD011CE00E0FC3B /* HorizontalStackView.swift */,
			);
			path = CustomViews;
			sourceTree = "<group>";
		};
		CEA1A8CB2ABB52F90012630D /* ViewModel */ = {
			isa = PBXGroup;
			children = (
				CEA1A8C92ABB46030012630D /* SearchSeriesViewModel.swift */,
			);
			path = ViewModel;
			sourceTree = "<group>";
		};
		CEA1A8CE2ABC6D440012630D /* Helpers */ = {
			isa = PBXGroup;
			children = (
				CEA1A8CF2ABC6D580012630D /* Box.swift */,
				CEF502FC2ACDD1F100DFB431 /* PlistManager.swift */,
				CE0589C42AD4543300DE987F /* ImageCachingManager.swift */,
			);
			path = Helpers;
			sourceTree = "<group>";
		};
		CEBAAE922A13E823001F59A6 = {
			isa = PBXGroup;
			children = (
				CEBAAE9D2A13E824001F59A6 /* iShowTime */,
				CEBAAE9C2A13E824001F59A6 /* Products */,
			);
			sourceTree = "<group>";
		};
		CEBAAE9C2A13E824001F59A6 /* Products */ = {
			isa = PBXGroup;
			children = (
				CEBAAE9B2A13E824001F59A6 /* iShowTime.app */,
			);
			name = Products;
			sourceTree = "<group>";
		};
		CEBAAE9D2A13E824001F59A6 /* iShowTime */ = {
			isa = PBXGroup;
			children = (
				CE2E1FBE2AD0101800E0FC3B /* CustomViews */,
				CE1A6B502AAF5C5500B495EB /* SystemFiles */,
				CEBB0FB72AC5E89A00A45074 /* Services */,
				CEA1A8CE2ABC6D440012630D /* Helpers */,
				CE1A6B5A2AAF66AD00B495EB /* Extensions */,
				CE1A6B4F2AAF56C900B495EB /* Resources */,
				CEF4560C2AAB791900D5A397 /* Builder */,
				CE1A6B682AB08CA900B495EB /* Model */,
				CEF4560F2AAB7CC600D5A397 /* BaseTabViewController */,
				CEF456052AAB725F00D5A397 /* MainTabBarModule */,
				CEF455FC2AAB307C00D5A397 /* SearchModule */,
				CE1A6B512AAF5E0E00B495EB /* WatchingNowModule */,
				CE1A6B632AAF6C5B00B495EB /* FinishedModule */,
				CEBAAEAC2A13E828001F59A6 /* Info.plist */,
			);
			path = iShowTime;
			sourceTree = "<group>";
		};
		CEBB0FB72AC5E89A00A45074 /* Services */ = {
			isa = PBXGroup;
			children = (
				CEBB0FB82AC5E8CE00A45074 /* NetworkService.swift */,
				CEBB0FBA2AC5EE1500A45074 /* SeriesDecoder.swift */,
				CEF502F82ACDB32400DFB431 /* APIService.swift */,
				CE0589C62AD5AD1D00DE987F /* Router.swift */,
			);
			path = Services;
			sourceTree = "<group>";
		};
		CEF455F82AAB302900D5A397 /* ViewControllers */ = {
			isa = PBXGroup;
			children = (
				CEBAAEA22A13E824001F59A6 /* SearchSeriesViewController.swift */,
			);
			path = ViewControllers;
			sourceTree = "<group>";
		};
		CEF455FB2AAB306500D5A397 /* Views */ = {
			isa = PBXGroup;
			children = (
				CEF455F92AAB305E00D5A397 /* SearchSeriesView.swift */,
				CEA1A8C72ABB37890012630D /* SearchSeriesView+Extensions.swift */,
				CEA1A8D32ABC9B3D0012630D /* SearchSeriesViewController+TableView.swift */,
				CEF503042ACF0EFA00DFB431 /* SearchSeriesCell */,
			);
			path = Views;
			sourceTree = "<group>";
		};
		CEF455FC2AAB307C00D5A397 /* SearchModule */ = {
			isa = PBXGroup;
			children = (
				CEA1A8CB2ABB52F90012630D /* ViewModel */,
				CEF455F82AAB302900D5A397 /* ViewControllers */,
				CEF455FB2AAB306500D5A397 /* Views */,
			);
			path = SearchModule;
			sourceTree = "<group>";
		};
		CEF455FD2AAB439600D5A397 /* Constants */ = {
			isa = PBXGroup;
			children = (
				CEF456012AAB4BDD00D5A397 /* SearchModuleConstants.swift */,
				CE1A6B582AAF646900B495EB /* WatchingNowConstants.swift */,
				CE1A6B642AAF6D1E00B495EB /* FinishedConstants.swift */,
			);
			path = Constants;
			sourceTree = "<group>";
		};
		CEF456052AAB725F00D5A397 /* MainTabBarModule */ = {
			isa = PBXGroup;
			children = (
				CEF456032AAB547B00D5A397 /* MainTabBarController.swift */,
			);
			path = MainTabBarModule;
			sourceTree = "<group>";
		};
		CEF456062AAB731200D5A397 /* Fonts */ = {
			isa = PBXGroup;
			children = (
				CEF456072AAB732900D5A397 /* Fonts.swift */,
			);
			path = Fonts;
			sourceTree = "<group>";
		};
		CEF456092AAB758E00D5A397 /* Images */ = {
			isa = PBXGroup;
			children = (
				CEF4560A2AAB75A200D5A397 /* TabBarImages.swift */,
			);
			path = Images;
			sourceTree = "<group>";
		};
		CEF4560C2AAB791900D5A397 /* Builder */ = {
			isa = PBXGroup;
			children = (
				CE65E9632ABCC209009E38E8 /* Builder.swift */,
			);
			path = Builder;
			sourceTree = "<group>";
		};
		CEF4560F2AAB7CC600D5A397 /* BaseTabViewController */ = {
			isa = PBXGroup;
			children = (
				CE1A6B492AAF4D6B00B495EB /* BaseTabBarController.swift */,
				CEA1A8C32AB9D7C20012630D /* BaseTabBarViewModel.swift */,
			);
			path = BaseTabViewController;
			sourceTree = "<group>";
		};
		CEF503042ACF0EFA00DFB431 /* SearchSeriesCell */ = {
			isa = PBXGroup;
			children = (
				CEF503002ACF0BC800DFB431 /* SearchSeriesCell.swift */,
				CEF503022ACF0BF900DFB431 /* SearchSeriesCellViewModel.swift */,
			);
			path = SearchSeriesCell;
			sourceTree = "<group>";
		};
/* End PBXGroup section */

/* Begin PBXNativeTarget section */
		CEBAAE9A2A13E823001F59A6 /* iShowTime */ = {
			isa = PBXNativeTarget;
			buildConfigurationList = CEBAAEAF2A13E828001F59A6 /* Build configuration list for PBXNativeTarget "iShowTime" */;
			buildPhases = (
				CEBAAE972A13E823001F59A6 /* Sources */,
				CEBAAE982A13E823001F59A6 /* Frameworks */,
				CEBAAE992A13E823001F59A6 /* Resources */,
			);
			buildRules = (
			);
			dependencies = (
				CEF455F72AAB2E0F00D5A397 /* PBXTargetDependency */,
			);
			name = iShowTime;
			packageProductDependencies = (
			);
			productName = iShowTime;
			productReference = CEBAAE9B2A13E824001F59A6 /* iShowTime.app */;
			productType = "com.apple.product-type.application";
		};
/* End PBXNativeTarget section */

/* Begin PBXProject section */
		CEBAAE932A13E823001F59A6 /* Project object */ = {
			isa = PBXProject;
			attributes = {
				BuildIndependentTargetsInParallel = 1;
				LastSwiftUpdateCheck = 1430;
				LastUpgradeCheck = 1500;
				TargetAttributes = {
					CEBAAE9A2A13E823001F59A6 = {
						CreatedOnToolsVersion = 14.3;
					};
				};
			};
			buildConfigurationList = CEBAAE962A13E823001F59A6 /* Build configuration list for PBXProject "iShowTime" */;
			compatibilityVersion = "Xcode 14.0";
			developmentRegion = en;
			hasScannedForEncodings = 0;
			knownRegions = (
				en,
				Base,
			);
			mainGroup = CEBAAE922A13E823001F59A6;
			packageReferences = (
				CEF455F52AAB2DED00D5A397 /* XCRemoteSwiftPackageReference "SwiftLint" */,
			);
			productRefGroup = CEBAAE9C2A13E824001F59A6 /* Products */;
			projectDirPath = "";
			projectRoot = "";
			targets = (
				CEBAAE9A2A13E823001F59A6 /* iShowTime */,
			);
		};
/* End PBXProject section */

/* Begin PBXResourcesBuildPhase section */
		CEBAAE992A13E823001F59A6 /* Resources */ = {
			isa = PBXResourcesBuildPhase;
			buildActionMask = 2147483647;
			files = (
				CEF456002AAB472600D5A397 /* LaunchScreen.storyboard in Resources */,
				CEBAAEA82A13E828001F59A6 /* Assets.xcassets in Resources */,
				CEF502FB2ACDD17A00DFB431 /* AccessInfo.plist in Resources */,
			);
			runOnlyForDeploymentPostprocessing = 0;
		};
/* End PBXResourcesBuildPhase section */

/* Begin PBXSourcesBuildPhase section */
		CEBAAE972A13E823001F59A6 /* Sources */ = {
			isa = PBXSourcesBuildPhase;
			buildActionMask = 2147483647;
			files = (
				CEF5030D2ACF334500DFB431 /* UIImageView+Extensions.swift in Sources */,
				CE2E1FC02AD0104B00E0FC3B /* SeriesImageView.swift in Sources */,
				CEF456082AAB732900D5A397 /* Fonts.swift in Sources */,
				CEF5030B2ACF298700DFB431 /* Double+Extensions.swift in Sources */,
				CEA1A8C82ABB37890012630D /* SearchSeriesView+Extensions.swift in Sources */,
				CE1A6B4D2AAF515000B495EB /* Colors.swift in Sources */,
				CEF456022AAB4BDD00D5A397 /* SearchModuleConstants.swift in Sources */,
				CEF503072ACF13B400DFB431 /* BaseTableViewCell.swift in Sources */,
				CEA1A8CA2ABB46030012630D /* SearchSeriesViewModel.swift in Sources */,
				CE1A6B5E2AAF6C0F00B495EB /* FinishedViewController.swift in Sources */,
				CEA1A86E2AB0A5220012630D /* WatchingNowSeriesCell.swift in Sources */,
				CE2E1FC62AD0144400E0FC3B /* SeriesProgressView.swift in Sources */,
				CEBAAEA32A13E824001F59A6 /* SearchSeriesViewController.swift in Sources */,
				CEA1A8C62AB9F55C0012630D /* UIView+Extensions.swift in Sources */,
				CEF456042AAB547B00D5A397 /* MainTabBarController.swift in Sources */,
				CEF455FA2AAB305E00D5A397 /* SearchSeriesView.swift in Sources */,
				CEF503092ACF24C500DFB431 /* String+Extensions.swift in Sources */,
				CE1A6B532AAF5F4700B495EB /* WatchingNowViewController.swift in Sources */,
				CE1A6B592AAF646900B495EB /* WatchingNowConstants.swift in Sources */,
				CEBB0FBB2AC5EE1500A45074 /* SeriesDecoder.swift in Sources */,
				CE1A6B4A2AAF4D6B00B495EB /* BaseTabBarController.swift in Sources */,
				CEF4560B2AAB75A300D5A397 /* TabBarImages.swift in Sources */,
				CE0589C72AD5AD1D00DE987F /* Router.swift in Sources */,
				CEBAAE9F2A13E824001F59A6 /* AppDelegate.swift in Sources */,
				CE1A6B5C2AAF66BD00B495EB /* UIImage+Extensions.swift in Sources */,
				CEA1A8C42AB9D7C20012630D /* BaseTabBarViewModel.swift in Sources */,
				CEA1A8D02ABC6D580012630D /* Box.swift in Sources */,
				CEF503012ACF0BC800DFB431 /* SearchSeriesCell.swift in Sources */,
				CEF502FD2ACDD1F100DFB431 /* PlistManager.swift in Sources */,
				CE1A6B6A2AB0921D00B495EB /* WatchingNowViewModel.swift in Sources */,
				CEA1A8D22ABC81270012630D /* UILabel+Extensions.swift in Sources */,
				CE1A6B672AB08C9D00B495EB /* SeriesModel.swift in Sources */,
				CE2E1FC22AD011BD00E0FC3B /* VerticalStackView.swift in Sources */,
				CE0589C52AD4543300DE987F /* ImageCachingManager.swift in Sources */,
				CEF503032ACF0BF900DFB431 /* SearchSeriesCellViewModel.swift in Sources */,
				CE65E9642ABCC209009E38E8 /* Builder.swift in Sources */,
				CE1A6B562AAF5F6800B495EB /* WatchingNowView.swift in Sources */,
				CE1A6B652AAF6D1E00B495EB /* FinishedConstants.swift in Sources */,
				CEF502F92ACDB32400DFB431 /* APIService.swift in Sources */,
				CEF502FF2ACEFEDF00DFB431 /* Task+Extensions.swift in Sources */,
				CEBAAEA12A13E824001F59A6 /* SceneDelegate.swift in Sources */,
				CEBB0FB92AC5E8CE00A45074 /* NetworkService.swift in Sources */,
				CE2E1FC42AD011CE00E0FC3B /* HorizontalStackView.swift in Sources */,
				CE1A6B602AAF6C3E00B495EB /* FinishedView.swift in Sources */,
				CEA1A8D42ABC9B3E0012630D /* SearchSeriesViewController+TableView.swift in Sources */,
			);
			runOnlyForDeploymentPostprocessing = 0;
		};
/* End PBXSourcesBuildPhase section */

/* Begin PBXTargetDependency section */
		CEF455F72AAB2E0F00D5A397 /* PBXTargetDependency */ = {
			isa = PBXTargetDependency;
			productRef = CEF455F62AAB2E0F00D5A397 /* SwiftLintPlugin */;
		};
/* End PBXTargetDependency section */

/* Begin PBXVariantGroup section */
		CEBAAEA92A13E828001F59A6 /* LaunchScreen.storyboard */ = {
			isa = PBXVariantGroup;
			children = (
				CEBAAEAA2A13E828001F59A6 /* Base */,
			);
			name = LaunchScreen.storyboard;
			sourceTree = "<group>";
		};
/* End PBXVariantGroup section */

/* Begin XCBuildConfiguration section */
		CEBAAEAD2A13E828001F59A6 /* Debug */ = {
			isa = XCBuildConfiguration;
			buildSettings = {
				ALWAYS_SEARCH_USER_PATHS = NO;
				CLANG_ANALYZER_NONNULL = YES;
				CLANG_ANALYZER_NUMBER_OBJECT_CONVERSION = YES_AGGRESSIVE;
				CLANG_CXX_LANGUAGE_STANDARD = "gnu++20";
				CLANG_ENABLE_MODULES = YES;
				CLANG_ENABLE_OBJC_ARC = YES;
				CLANG_ENABLE_OBJC_WEAK = YES;
				CLANG_WARN_BLOCK_CAPTURE_AUTORELEASING = YES;
				CLANG_WARN_BOOL_CONVERSION = YES;
				CLANG_WARN_COMMA = YES;
				CLANG_WARN_CONSTANT_CONVERSION = YES;
				CLANG_WARN_DEPRECATED_OBJC_IMPLEMENTATIONS = YES;
				CLANG_WARN_DIRECT_OBJC_ISA_USAGE = YES_ERROR;
				CLANG_WARN_DOCUMENTATION_COMMENTS = YES;
				CLANG_WARN_EMPTY_BODY = YES;
				CLANG_WARN_ENUM_CONVERSION = YES;
				CLANG_WARN_INFINITE_RECURSION = YES;
				CLANG_WARN_INT_CONVERSION = YES;
				CLANG_WARN_NON_LITERAL_NULL_CONVERSION = YES;
				CLANG_WARN_OBJC_IMPLICIT_RETAIN_SELF = YES;
				CLANG_WARN_OBJC_LITERAL_CONVERSION = YES;
				CLANG_WARN_OBJC_ROOT_CLASS = YES_ERROR;
				CLANG_WARN_QUOTED_INCLUDE_IN_FRAMEWORK_HEADER = YES;
				CLANG_WARN_RANGE_LOOP_ANALYSIS = YES;
				CLANG_WARN_STRICT_PROTOTYPES = YES;
				CLANG_WARN_SUSPICIOUS_MOVE = YES;
				CLANG_WARN_UNGUARDED_AVAILABILITY = YES_AGGRESSIVE;
				CLANG_WARN_UNREACHABLE_CODE = YES;
				CLANG_WARN__DUPLICATE_METHOD_MATCH = YES;
				COPY_PHASE_STRIP = NO;
				DEBUG_INFORMATION_FORMAT = dwarf;
				ENABLE_STRICT_OBJC_MSGSEND = YES;
				ENABLE_TESTABILITY = YES;
				ENABLE_USER_SCRIPT_SANDBOXING = YES;
				GCC_C_LANGUAGE_STANDARD = gnu11;
				GCC_DYNAMIC_NO_PIC = NO;
				GCC_NO_COMMON_BLOCKS = YES;
				GCC_OPTIMIZATION_LEVEL = 0;
				GCC_PREPROCESSOR_DEFINITIONS = (
					"DEBUG=1",
					"$(inherited)",
				);
				GCC_WARN_64_TO_32_BIT_CONVERSION = YES;
				GCC_WARN_ABOUT_RETURN_TYPE = YES_ERROR;
				GCC_WARN_UNDECLARED_SELECTOR = YES;
				GCC_WARN_UNINITIALIZED_AUTOS = YES_AGGRESSIVE;
				GCC_WARN_UNUSED_FUNCTION = YES;
				GCC_WARN_UNUSED_VARIABLE = YES;
				IPHONEOS_DEPLOYMENT_TARGET = 16.0;
				MTL_ENABLE_DEBUG_INFO = INCLUDE_SOURCE;
				MTL_FAST_MATH = YES;
				ONLY_ACTIVE_ARCH = YES;
				SDKROOT = iphoneos;
				SWIFT_ACTIVE_COMPILATION_CONDITIONS = DEBUG;
				SWIFT_OPTIMIZATION_LEVEL = "-Onone";
			};
			name = Debug;
		};
		CEBAAEAE2A13E828001F59A6 /* Release */ = {
			isa = XCBuildConfiguration;
			buildSettings = {
				ALWAYS_SEARCH_USER_PATHS = NO;
				CLANG_ANALYZER_NONNULL = YES;
				CLANG_ANALYZER_NUMBER_OBJECT_CONVERSION = YES_AGGRESSIVE;
				CLANG_CXX_LANGUAGE_STANDARD = "gnu++20";
				CLANG_ENABLE_MODULES = YES;
				CLANG_ENABLE_OBJC_ARC = YES;
				CLANG_ENABLE_OBJC_WEAK = YES;
				CLANG_WARN_BLOCK_CAPTURE_AUTORELEASING = YES;
				CLANG_WARN_BOOL_CONVERSION = YES;
				CLANG_WARN_COMMA = YES;
				CLANG_WARN_CONSTANT_CONVERSION = YES;
				CLANG_WARN_DEPRECATED_OBJC_IMPLEMENTATIONS = YES;
				CLANG_WARN_DIRECT_OBJC_ISA_USAGE = YES_ERROR;
				CLANG_WARN_DOCUMENTATION_COMMENTS = YES;
				CLANG_WARN_EMPTY_BODY = YES;
				CLANG_WARN_ENUM_CONVERSION = YES;
				CLANG_WARN_INFINITE_RECURSION = YES;
				CLANG_WARN_INT_CONVERSION = YES;
				CLANG_WARN_NON_LITERAL_NULL_CONVERSION = YES;
				CLANG_WARN_OBJC_IMPLICIT_RETAIN_SELF = YES;
				CLANG_WARN_OBJC_LITERAL_CONVERSION = YES;
				CLANG_WARN_OBJC_ROOT_CLASS = YES_ERROR;
				CLANG_WARN_QUOTED_INCLUDE_IN_FRAMEWORK_HEADER = YES;
				CLANG_WARN_RANGE_LOOP_ANALYSIS = YES;
				CLANG_WARN_STRICT_PROTOTYPES = YES;
				CLANG_WARN_SUSPICIOUS_MOVE = YES;
				CLANG_WARN_UNGUARDED_AVAILABILITY = YES_AGGRESSIVE;
				CLANG_WARN_UNREACHABLE_CODE = YES;
				CLANG_WARN__DUPLICATE_METHOD_MATCH = YES;
				COPY_PHASE_STRIP = NO;
				DEBUG_INFORMATION_FORMAT = "dwarf-with-dsym";
				ENABLE_NS_ASSERTIONS = NO;
				ENABLE_STRICT_OBJC_MSGSEND = YES;
				ENABLE_USER_SCRIPT_SANDBOXING = YES;
				GCC_C_LANGUAGE_STANDARD = gnu11;
				GCC_NO_COMMON_BLOCKS = YES;
				GCC_WARN_64_TO_32_BIT_CONVERSION = YES;
				GCC_WARN_ABOUT_RETURN_TYPE = YES_ERROR;
				GCC_WARN_UNDECLARED_SELECTOR = YES;
				GCC_WARN_UNINITIALIZED_AUTOS = YES_AGGRESSIVE;
				GCC_WARN_UNUSED_FUNCTION = YES;
				GCC_WARN_UNUSED_VARIABLE = YES;
				IPHONEOS_DEPLOYMENT_TARGET = 16.0;
				MTL_ENABLE_DEBUG_INFO = NO;
				MTL_FAST_MATH = YES;
				SDKROOT = iphoneos;
				SWIFT_COMPILATION_MODE = wholemodule;
				SWIFT_OPTIMIZATION_LEVEL = "-O";
				VALIDATE_PRODUCT = YES;
			};
			name = Release;
		};
		CEBAAEB02A13E828001F59A6 /* Debug */ = {
			isa = XCBuildConfiguration;
			buildSettings = {
				ASSETCATALOG_COMPILER_APPICON_NAME = AppIcon;
				ASSETCATALOG_COMPILER_GLOBAL_ACCENT_COLOR_NAME = AccentColor;
				CODE_SIGN_STYLE = Automatic;
				CURRENT_PROJECT_VERSION = 1;
				DEVELOPMENT_TEAM = TWWBX6RB4S;
				GENERATE_INFOPLIST_FILE = YES;
				INFOPLIST_FILE = iShowTime/Info.plist;
				INFOPLIST_KEY_UIApplicationSupportsIndirectInputEvents = YES;
				INFOPLIST_KEY_UILaunchStoryboardName = LaunchScreen;
				INFOPLIST_KEY_UIStatusBarStyle = "";
				INFOPLIST_KEY_UISupportedInterfaceOrientations = UIInterfaceOrientationPortrait;
				INFOPLIST_KEY_UISupportedInterfaceOrientations_iPad = "UIInterfaceOrientationLandscapeLeft UIInterfaceOrientationLandscapeRight UIInterfaceOrientationPortrait UIInterfaceOrientationPortraitUpsideDown";
				IPHONEOS_DEPLOYMENT_TARGET = 16.0;
				LD_RUNPATH_SEARCH_PATHS = (
					"$(inherited)",
					"@executable_path/Frameworks",
				);
				MARKETING_VERSION = 1.0;
				PRODUCT_BUNDLE_IDENTIFIER = "Mark-Kovalchuk.iShowTime";
				PRODUCT_NAME = "$(TARGET_NAME)";
				SUPPORTED_PLATFORMS = "iphoneos iphonesimulator";
				SUPPORTS_MACCATALYST = NO;
				SUPPORTS_MAC_DESIGNED_FOR_IPHONE_IPAD = NO;
				SWIFT_EMIT_LOC_STRINGS = YES;
				SWIFT_VERSION = 5.0;
				TARGETED_DEVICE_FAMILY = 1;
			};
			name = Debug;
		};
		CEBAAEB12A13E828001F59A6 /* Release */ = {
			isa = XCBuildConfiguration;
			buildSettings = {
				ASSETCATALOG_COMPILER_APPICON_NAME = AppIcon;
				ASSETCATALOG_COMPILER_GLOBAL_ACCENT_COLOR_NAME = AccentColor;
				CODE_SIGN_STYLE = Automatic;
				CURRENT_PROJECT_VERSION = 1;
				DEVELOPMENT_TEAM = TWWBX6RB4S;
				GENERATE_INFOPLIST_FILE = YES;
				INFOPLIST_FILE = iShowTime/Info.plist;
				INFOPLIST_KEY_UIApplicationSupportsIndirectInputEvents = YES;
				INFOPLIST_KEY_UILaunchStoryboardName = LaunchScreen;
				INFOPLIST_KEY_UIStatusBarStyle = "";
				INFOPLIST_KEY_UISupportedInterfaceOrientations = UIInterfaceOrientationPortrait;
				INFOPLIST_KEY_UISupportedInterfaceOrientations_iPad = "UIInterfaceOrientationLandscapeLeft UIInterfaceOrientationLandscapeRight UIInterfaceOrientationPortrait UIInterfaceOrientationPortraitUpsideDown";
				IPHONEOS_DEPLOYMENT_TARGET = 16.0;
				LD_RUNPATH_SEARCH_PATHS = (
					"$(inherited)",
					"@executable_path/Frameworks",
				);
				MARKETING_VERSION = 1.0;
				PRODUCT_BUNDLE_IDENTIFIER = "Mark-Kovalchuk.iShowTime";
				PRODUCT_NAME = "$(TARGET_NAME)";
				SUPPORTED_PLATFORMS = "iphoneos iphonesimulator";
				SUPPORTS_MACCATALYST = NO;
				SUPPORTS_MAC_DESIGNED_FOR_IPHONE_IPAD = NO;
				SWIFT_EMIT_LOC_STRINGS = YES;
				SWIFT_VERSION = 5.0;
				TARGETED_DEVICE_FAMILY = 1;
			};
			name = Release;
		};
/* End XCBuildConfiguration section */

/* Begin XCConfigurationList section */
		CEBAAE962A13E823001F59A6 /* Build configuration list for PBXProject "iShowTime" */ = {
			isa = XCConfigurationList;
			buildConfigurations = (
				CEBAAEAD2A13E828001F59A6 /* Debug */,
				CEBAAEAE2A13E828001F59A6 /* Release */,
			);
			defaultConfigurationIsVisible = 0;
			defaultConfigurationName = Release;
		};
		CEBAAEAF2A13E828001F59A6 /* Build configuration list for PBXNativeTarget "iShowTime" */ = {
			isa = XCConfigurationList;
			buildConfigurations = (
				CEBAAEB02A13E828001F59A6 /* Debug */,
				CEBAAEB12A13E828001F59A6 /* Release */,
			);
			defaultConfigurationIsVisible = 0;
			defaultConfigurationName = Release;
		};
/* End XCConfigurationList section */

/* Begin XCRemoteSwiftPackageReference section */
		CEF455F52AAB2DED00D5A397 /* XCRemoteSwiftPackageReference "SwiftLint" */ = {
			isa = XCRemoteSwiftPackageReference;
			repositoryURL = "https://github.com/realm/SwiftLint";
			requirement = {
				kind = upToNextMajorVersion;
				minimumVersion = 0.52.4;
			};
		};
/* End XCRemoteSwiftPackageReference section */

/* Begin XCSwiftPackageProductDependency section */
		CEF455F62AAB2E0F00D5A397 /* SwiftLintPlugin */ = {
			isa = XCSwiftPackageProductDependency;
			package = CEF455F52AAB2DED00D5A397 /* XCRemoteSwiftPackageReference "SwiftLint" */;
			productName = "plugin:SwiftLintPlugin";
		};
/* End XCSwiftPackageProductDependency section */
	};
	rootObject = CEBAAE932A13E823001F59A6 /* Project object */;
}
