// !$*UTF8*$!
{
	archiveVersion = 1;
	classes = {
	};
	objectVersion = 56;
	objects = {

/* Begin PBXBuildFile section */
		CE1A6B4A2AAF4D6B00B495EB /* CustomTabBarController.swift in Sources */ = {isa = PBXBuildFile; fileRef = CE1A6B492AAF4D6B00B495EB /* CustomTabBarController.swift */; };
		CE1A6B4D2AAF515000B495EB /* Colors.swift in Sources */ = {isa = PBXBuildFile; fileRef = CE1A6B4C2AAF515000B495EB /* Colors.swift */; };
		CEBAAE9F2A13E824001F59A6 /* AppDelegate.swift in Sources */ = {isa = PBXBuildFile; fileRef = CEBAAE9E2A13E824001F59A6 /* AppDelegate.swift */; };
		CEBAAEA12A13E824001F59A6 /* SceneDelegate.swift in Sources */ = {isa = PBXBuildFile; fileRef = CEBAAEA02A13E824001F59A6 /* SceneDelegate.swift */; };
		CEBAAEA32A13E824001F59A6 /* SearchSeriesViewController.swift in Sources */ = {isa = PBXBuildFile; fileRef = CEBAAEA22A13E824001F59A6 /* SearchSeriesViewController.swift */; };
		CEBAAEA82A13E828001F59A6 /* Assets.xcassets in Resources */ = {isa = PBXBuildFile; fileRef = CEBAAEA72A13E828001F59A6 /* Assets.xcassets */; };
		CEF455FA2AAB305E00D5A397 /* SearchSeriesView.swift in Sources */ = {isa = PBXBuildFile; fileRef = CEF455F92AAB305E00D5A397 /* SearchSeriesView.swift */; };
		CEF456002AAB472600D5A397 /* LaunchScreen.storyboard in Resources */ = {isa = PBXBuildFile; fileRef = CEBAAEA92A13E828001F59A6 /* LaunchScreen.storyboard */; };
		CEF456022AAB4BDD00D5A397 /* SearchModuleConstants.swift in Sources */ = {isa = PBXBuildFile; fileRef = CEF456012AAB4BDD00D5A397 /* SearchModuleConstants.swift */; };
		CEF456042AAB547B00D5A397 /* MainTabBarController.swift in Sources */ = {isa = PBXBuildFile; fileRef = CEF456032AAB547B00D5A397 /* MainTabBarController.swift */; };
		CEF456082AAB732900D5A397 /* Fonts.swift in Sources */ = {isa = PBXBuildFile; fileRef = CEF456072AAB732900D5A397 /* Fonts.swift */; };
		CEF4560B2AAB75A300D5A397 /* Images.swift in Sources */ = {isa = PBXBuildFile; fileRef = CEF4560A2AAB75A200D5A397 /* Images.swift */; };
		CEF4560E2AAB7A1E00D5A397 /* NavVCBuilder.swift in Sources */ = {isa = PBXBuildFile; fileRef = CEF4560D2AAB7A1E00D5A397 /* NavVCBuilder.swift */; };
/* End PBXBuildFile section */

/* Begin PBXFileReference section */
		CE1A6B492AAF4D6B00B495EB /* CustomTabBarController.swift */ = {isa = PBXFileReference; lastKnownFileType = sourcecode.swift; path = CustomTabBarController.swift; sourceTree = "<group>"; };
		CE1A6B4C2AAF515000B495EB /* Colors.swift */ = {isa = PBXFileReference; lastKnownFileType = sourcecode.swift; path = Colors.swift; sourceTree = "<group>"; };
		CEBAAE9B2A13E824001F59A6 /* iShowTime.app */ = {isa = PBXFileReference; explicitFileType = wrapper.application; includeInIndex = 0; path = iShowTime.app; sourceTree = BUILT_PRODUCTS_DIR; };
		CEBAAE9E2A13E824001F59A6 /* AppDelegate.swift */ = {isa = PBXFileReference; lastKnownFileType = sourcecode.swift; path = AppDelegate.swift; sourceTree = "<group>"; };
		CEBAAEA02A13E824001F59A6 /* SceneDelegate.swift */ = {isa = PBXFileReference; lastKnownFileType = sourcecode.swift; path = SceneDelegate.swift; sourceTree = "<group>"; };
		CEBAAEA22A13E824001F59A6 /* SearchSeriesViewController.swift */ = {isa = PBXFileReference; lastKnownFileType = sourcecode.swift; path = SearchSeriesViewController.swift; sourceTree = "<group>"; };
		CEBAAEA72A13E828001F59A6 /* Assets.xcassets */ = {isa = PBXFileReference; lastKnownFileType = folder.assetcatalog; path = Assets.xcassets; sourceTree = "<group>"; };
		CEBAAEAA2A13E828001F59A6 /* Base */ = {isa = PBXFileReference; lastKnownFileType = file.storyboard; name = Base; path = Base.lproj/LaunchScreen.storyboard; sourceTree = "<group>"; };
		CEBAAEAC2A13E828001F59A6 /* Info.plist */ = {isa = PBXFileReference; lastKnownFileType = text.plist.xml; path = Info.plist; sourceTree = "<group>"; };
		CEF455F92AAB305E00D5A397 /* SearchSeriesView.swift */ = {isa = PBXFileReference; lastKnownFileType = sourcecode.swift; path = SearchSeriesView.swift; sourceTree = "<group>"; };
		CEF456012AAB4BDD00D5A397 /* SearchModuleConstants.swift */ = {isa = PBXFileReference; lastKnownFileType = sourcecode.swift; path = SearchModuleConstants.swift; sourceTree = "<group>"; };
		CEF456032AAB547B00D5A397 /* MainTabBarController.swift */ = {isa = PBXFileReference; lastKnownFileType = sourcecode.swift; path = MainTabBarController.swift; sourceTree = "<group>"; };
		CEF456072AAB732900D5A397 /* Fonts.swift */ = {isa = PBXFileReference; lastKnownFileType = sourcecode.swift; path = Fonts.swift; sourceTree = "<group>"; };
		CEF4560A2AAB75A200D5A397 /* Images.swift */ = {isa = PBXFileReference; lastKnownFileType = sourcecode.swift; path = Images.swift; sourceTree = "<group>"; };
		CEF4560D2AAB7A1E00D5A397 /* NavVCBuilder.swift */ = {isa = PBXFileReference; lastKnownFileType = sourcecode.swift; name = NavVCBuilder.swift; path = ../../../../NavVCBuilder.swift; sourceTree = "<group>"; };
/* End PBXFileReference section */

/* Begin PBXFrameworksBuildPhase section */
		CEBAAE982A13E823001F59A6 /* Frameworks */ = {
			isa = PBXFrameworksBuildPhase;
			buildActionMask = 2147483647;
			files = (
			);
			runOnlyForDeploymentPostprocessing = 0;
		};
/* End PBXFrameworksBuildPhase section */

/* Begin PBXGroup section */
		CE1A6B4B2AAF513800B495EB /* Colors */ = {
			isa = PBXGroup;
			children = (
				CE1A6B4C2AAF515000B495EB /* Colors.swift */,
			);
			path = Colors;
			sourceTree = "<group>";
		};
		CE1A6B4F2AAF56C900B495EB /* Preferences & Style */ = {
			isa = PBXGroup;
			children = (
				CEF456092AAB758E00D5A397 /* Images */,
				CE1A6B4B2AAF513800B495EB /* Colors */,
				CEF456062AAB731200D5A397 /* Fonts */,
			);
			path = "Preferences & Style";
			sourceTree = "<group>";
		};
		CEBAAE922A13E823001F59A6 = {
			isa = PBXGroup;
			children = (
				CEBAAE9D2A13E824001F59A6 /* iShowTime */,
				CEBAAE9C2A13E824001F59A6 /* Products */,
			);
			sourceTree = "<group>";
		};
		CEBAAE9C2A13E824001F59A6 /* Products */ = {
			isa = PBXGroup;
			children = (
				CEBAAE9B2A13E824001F59A6 /* iShowTime.app */,
			);
			name = Products;
			sourceTree = "<group>";
		};
		CEBAAE9D2A13E824001F59A6 /* iShowTime */ = {
			isa = PBXGroup;
			children = (
				CEBAAE9E2A13E824001F59A6 /* AppDelegate.swift */,
				CEBAAEA02A13E824001F59A6 /* SceneDelegate.swift */,
				CEF4560C2AAB791900D5A397 /* Builders */,
				CEF4560F2AAB7CC600D5A397 /* Extensions */,
				CE1A6B4F2AAF56C900B495EB /* Preferences & Style */,
				CEF456052AAB725F00D5A397 /* MainTabBarModule */,
				CEF455FC2AAB307C00D5A397 /* SearchModule */,
				CEBAAEA72A13E828001F59A6 /* Assets.xcassets */,
				CEBAAEA92A13E828001F59A6 /* LaunchScreen.storyboard */,
				CEBAAEAC2A13E828001F59A6 /* Info.plist */,
			);
			path = iShowTime;
			sourceTree = "<group>";
		};
		CEF455F82AAB302900D5A397 /* ViewControllers */ = {
			isa = PBXGroup;
			children = (
				CEBAAEA22A13E824001F59A6 /* SearchSeriesViewController.swift */,
			);
			path = ViewControllers;
			sourceTree = "<group>";
		};
		CEF455FB2AAB306500D5A397 /* Views */ = {
			isa = PBXGroup;
			children = (
				CEF455F92AAB305E00D5A397 /* SearchSeriesView.swift */,
			);
			path = Views;
			sourceTree = "<group>";
		};
		CEF455FC2AAB307C00D5A397 /* SearchModule */ = {
			isa = PBXGroup;
			children = (
				CEF455FD2AAB439600D5A397 /* Helpers */,
				CEF455F82AAB302900D5A397 /* ViewControllers */,
				CEF455FB2AAB306500D5A397 /* Views */,
			);
			path = SearchModule;
			sourceTree = "<group>";
		};
		CEF455FD2AAB439600D5A397 /* Helpers */ = {
			isa = PBXGroup;
			children = (
				CEF456012AAB4BDD00D5A397 /* SearchModuleConstants.swift */,
			);
			path = Helpers;
			sourceTree = "<group>";
		};
		CEF456052AAB725F00D5A397 /* MainTabBarModule */ = {
			isa = PBXGroup;
			children = (
				CEF456032AAB547B00D5A397 /* MainTabBarController.swift */,
			);
			path = MainTabBarModule;
			sourceTree = "<group>";
		};
		CEF456062AAB731200D5A397 /* Fonts */ = {
			isa = PBXGroup;
			children = (
				CEF456072AAB732900D5A397 /* Fonts.swift */,
			);
			path = Fonts;
			sourceTree = "<group>";
		};
		CEF456092AAB758E00D5A397 /* Images */ = {
			isa = PBXGroup;
			children = (
				CEF4560A2AAB75A200D5A397 /* Images.swift */,
			);
			path = Images;
			sourceTree = "<group>";
		};
		CEF4560C2AAB791900D5A397 /* Builders */ = {
			isa = PBXGroup;
			children = (
				CEF4560D2AAB7A1E00D5A397 /* NavVCBuilder.swift */,
			);
			path = Builders;
			sourceTree = "<group>";
		};
		CEF4560F2AAB7CC600D5A397 /* Extensions */ = {
			isa = PBXGroup;
			children = (
				CE1A6B492AAF4D6B00B495EB /* CustomTabBarController.swift */,
			);
			path = Extensions;
			sourceTree = "<group>";
		};
/* End PBXGroup section */

/* Begin PBXNativeTarget section */
		CEBAAE9A2A13E823001F59A6 /* iShowTime */ = {
			isa = PBXNativeTarget;
			buildConfigurationList = CEBAAEAF2A13E828001F59A6 /* Build configuration list for PBXNativeTarget "iShowTime" */;
			buildPhases = (
				CEBAAE972A13E823001F59A6 /* Sources */,
				CEBAAE982A13E823001F59A6 /* Frameworks */,
				CEBAAE992A13E823001F59A6 /* Resources */,
			);
			buildRules = (
			);
			dependencies = (
				CEF455F72AAB2E0F00D5A397 /* PBXTargetDependency */,
			);
			name = iShowTime;
			packageProductDependencies = (
			);
			productName = iShowTime;
			productReference = CEBAAE9B2A13E824001F59A6 /* iShowTime.app */;
			productType = "com.apple.product-type.application";
		};
/* End PBXNativeTarget section */

/* Begin PBXProject section */
		CEBAAE932A13E823001F59A6 /* Project object */ = {
			isa = PBXProject;
			attributes = {
				BuildIndependentTargetsInParallel = 1;
				LastSwiftUpdateCheck = 1430;
				LastUpgradeCheck = 1430;
				TargetAttributes = {
					CEBAAE9A2A13E823001F59A6 = {
						CreatedOnToolsVersion = 14.3;
					};
				};
			};
			buildConfigurationList = CEBAAE962A13E823001F59A6 /* Build configuration list for PBXProject "iShowTime" */;
			compatibilityVersion = "Xcode 14.0";
			developmentRegion = en;
			hasScannedForEncodings = 0;
			knownRegions = (
				en,
				Base,
			);
			mainGroup = CEBAAE922A13E823001F59A6;
			packageReferences = (
				CEF455F52AAB2DED00D5A397 /* XCRemoteSwiftPackageReference "SwiftLint" */,
			);
			productRefGroup = CEBAAE9C2A13E824001F59A6 /* Products */;
			projectDirPath = "";
			projectRoot = "";
			targets = (
				CEBAAE9A2A13E823001F59A6 /* iShowTime */,
			);
		};
/* End PBXProject section */

/* Begin PBXResourcesBuildPhase section */
		CEBAAE992A13E823001F59A6 /* Resources */ = {
			isa = PBXResourcesBuildPhase;
			buildActionMask = 2147483647;
			files = (
				CEF456002AAB472600D5A397 /* LaunchScreen.storyboard in Resources */,
				CEBAAEA82A13E828001F59A6 /* Assets.xcassets in Resources */,
			);
			runOnlyForDeploymentPostprocessing = 0;
		};
/* End PBXResourcesBuildPhase section */

/* Begin PBXSourcesBuildPhase section */
		CEBAAE972A13E823001F59A6 /* Sources */ = {
			isa = PBXSourcesBuildPhase;
			buildActionMask = 2147483647;
			files = (
				CEF456082AAB732900D5A397 /* Fonts.swift in Sources */,
				CE1A6B4D2AAF515000B495EB /* Colors.swift in Sources */,
				CEF456022AAB4BDD00D5A397 /* SearchModuleConstants.swift in Sources */,
				CEBAAEA32A13E824001F59A6 /* SearchSeriesViewController.swift in Sources */,
				CEF456042AAB547B00D5A397 /* MainTabBarController.swift in Sources */,
				CEF455FA2AAB305E00D5A397 /* SearchSeriesView.swift in Sources */,
				CE1A6B4A2AAF4D6B00B495EB /* CustomTabBarController.swift in Sources */,
				CEF4560E2AAB7A1E00D5A397 /* NavVCBuilder.swift in Sources */,
				CEF4560B2AAB75A300D5A397 /* Images.swift in Sources */,
				CEBAAE9F2A13E824001F59A6 /* AppDelegate.swift in Sources */,
				CEBAAEA12A13E824001F59A6 /* SceneDelegate.swift in Sources */,
			);
			runOnlyForDeploymentPostprocessing = 0;
		};
/* End PBXSourcesBuildPhase section */

/* Begin PBXTargetDependency section */
		CEF455F72AAB2E0F00D5A397 /* PBXTargetDependency */ = {
			isa = PBXTargetDependency;
			productRef = CEF455F62AAB2E0F00D5A397 /* SwiftLintPlugin */;
		};
/* End PBXTargetDependency section */

/* Begin PBXVariantGroup section */
		CEBAAEA92A13E828001F59A6 /* LaunchScreen.storyboard */ = {
			isa = PBXVariantGroup;
			children = (
				CEBAAEAA2A13E828001F59A6 /* Base */,
			);
			name = LaunchScreen.storyboard;
			sourceTree = "<group>";
		};
/* End PBXVariantGroup section */

/* Begin XCBuildConfiguration section */
		CEBAAEAD2A13E828001F59A6 /* Debug */ = {
			isa = XCBuildConfiguration;
			buildSettings = {
				ALWAYS_SEARCH_USER_PATHS = NO;
				CLANG_ANALYZER_NONNULL = YES;
				CLANG_ANALYZER_NUMBER_OBJECT_CONVERSION = YES_AGGRESSIVE;
				CLANG_CXX_LANGUAGE_STANDARD = "gnu++20";
				CLANG_ENABLE_MODULES = YES;
				CLANG_ENABLE_OBJC_ARC = YES;
				CLANG_ENABLE_OBJC_WEAK = YES;
				CLANG_WARN_BLOCK_CAPTURE_AUTORELEASING = YES;
				CLANG_WARN_BOOL_CONVERSION = YES;
				CLANG_WARN_COMMA = YES;
				CLANG_WARN_CONSTANT_CONVERSION = YES;
				CLANG_WARN_DEPRECATED_OBJC_IMPLEMENTATIONS = YES;
				CLANG_WARN_DIRECT_OBJC_ISA_USAGE = YES_ERROR;
				CLANG_WARN_DOCUMENTATION_COMMENTS = YES;
				CLANG_WARN_EMPTY_BODY = YES;
				CLANG_WARN_ENUM_CONVERSION = YES;
				CLANG_WARN_INFINITE_RECURSION = YES;
				CLANG_WARN_INT_CONVERSION = YES;
				CLANG_WARN_NON_LITERAL_NULL_CONVERSION = YES;
				CLANG_WARN_OBJC_IMPLICIT_RETAIN_SELF = YES;
				CLANG_WARN_OBJC_LITERAL_CONVERSION = YES;
				CLANG_WARN_OBJC_ROOT_CLASS = YES_ERROR;
				CLANG_WARN_QUOTED_INCLUDE_IN_FRAMEWORK_HEADER = YES;
				CLANG_WARN_RANGE_LOOP_ANALYSIS = YES;
				CLANG_WARN_STRICT_PROTOTYPES = YES;
				CLANG_WARN_SUSPICIOUS_MOVE = YES;
				CLANG_WARN_UNGUARDED_AVAILABILITY = YES_AGGRESSIVE;
				CLANG_WARN_UNREACHABLE_CODE = YES;
				CLANG_WARN__DUPLICATE_METHOD_MATCH = YES;
				COPY_PHASE_STRIP = NO;
				DEBUG_INFORMATION_FORMAT = dwarf;
				ENABLE_STRICT_OBJC_MSGSEND = YES;
				ENABLE_TESTABILITY = YES;
				GCC_C_LANGUAGE_STANDARD = gnu11;
				GCC_DYNAMIC_NO_PIC = NO;
				GCC_NO_COMMON_BLOCKS = YES;
				GCC_OPTIMIZATION_LEVEL = 0;
				GCC_PREPROCESSOR_DEFINITIONS = (
					"DEBUG=1",
					"$(inherited)",
				);
				GCC_WARN_64_TO_32_BIT_CONVERSION = YES;
				GCC_WARN_ABOUT_RETURN_TYPE = YES_ERROR;
				GCC_WARN_UNDECLARED_SELECTOR = YES;
				GCC_WARN_UNINITIALIZED_AUTOS = YES_AGGRESSIVE;
				GCC_WARN_UNUSED_FUNCTION = YES;
				GCC_WARN_UNUSED_VARIABLE = YES;
				IPHONEOS_DEPLOYMENT_TARGET = 16.0;
				MTL_ENABLE_DEBUG_INFO = INCLUDE_SOURCE;
				MTL_FAST_MATH = YES;
				ONLY_ACTIVE_ARCH = YES;
				SDKROOT = iphoneos;
				SWIFT_ACTIVE_COMPILATION_CONDITIONS = DEBUG;
				SWIFT_OPTIMIZATION_LEVEL = "-Onone";
			};
			name = Debug;
		};
		CEBAAEAE2A13E828001F59A6 /* Release */ = {
			isa = XCBuildConfiguration;
			buildSettings = {
				ALWAYS_SEARCH_USER_PATHS = NO;
				CLANG_ANALYZER_NONNULL = YES;
				CLANG_ANALYZER_NUMBER_OBJECT_CONVERSION = YES_AGGRESSIVE;
				CLANG_CXX_LANGUAGE_STANDARD = "gnu++20";
				CLANG_ENABLE_MODULES = YES;
				CLANG_ENABLE_OBJC_ARC = YES;
				CLANG_ENABLE_OBJC_WEAK = YES;
				CLANG_WARN_BLOCK_CAPTURE_AUTORELEASING = YES;
				CLANG_WARN_BOOL_CONVERSION = YES;
				CLANG_WARN_COMMA = YES;
				CLANG_WARN_CONSTANT_CONVERSION = YES;
				CLANG_WARN_DEPRECATED_OBJC_IMPLEMENTATIONS = YES;
				CLANG_WARN_DIRECT_OBJC_ISA_USAGE = YES_ERROR;
				CLANG_WARN_DOCUMENTATION_COMMENTS = YES;
				CLANG_WARN_EMPTY_BODY = YES;
				CLANG_WARN_ENUM_CONVERSION = YES;
				CLANG_WARN_INFINITE_RECURSION = YES;
				CLANG_WARN_INT_CONVERSION = YES;
				CLANG_WARN_NON_LITERAL_NULL_CONVERSION = YES;
				CLANG_WARN_OBJC_IMPLICIT_RETAIN_SELF = YES;
				CLANG_WARN_OBJC_LITERAL_CONVERSION = YES;
				CLANG_WARN_OBJC_ROOT_CLASS = YES_ERROR;
				CLANG_WARN_QUOTED_INCLUDE_IN_FRAMEWORK_HEADER = YES;
				CLANG_WARN_RANGE_LOOP_ANALYSIS = YES;
				CLANG_WARN_STRICT_PROTOTYPES = YES;
				CLANG_WARN_SUSPICIOUS_MOVE = YES;
				CLANG_WARN_UNGUARDED_AVAILABILITY = YES_AGGRESSIVE;
				CLANG_WARN_UNREACHABLE_CODE = YES;
				CLANG_WARN__DUPLICATE_METHOD_MATCH = YES;
				COPY_PHASE_STRIP = NO;
				DEBUG_INFORMATION_FORMAT = "dwarf-with-dsym";
				ENABLE_NS_ASSERTIONS = NO;
				ENABLE_STRICT_OBJC_MSGSEND = YES;
				GCC_C_LANGUAGE_STANDARD = gnu11;
				GCC_NO_COMMON_BLOCKS = YES;
				GCC_WARN_64_TO_32_BIT_CONVERSION = YES;
				GCC_WARN_ABOUT_RETURN_TYPE = YES_ERROR;
				GCC_WARN_UNDECLARED_SELECTOR = YES;
				GCC_WARN_UNINITIALIZED_AUTOS = YES_AGGRESSIVE;
				GCC_WARN_UNUSED_FUNCTION = YES;
				GCC_WARN_UNUSED_VARIABLE = YES;
				IPHONEOS_DEPLOYMENT_TARGET = 16.0;
				MTL_ENABLE_DEBUG_INFO = NO;
				MTL_FAST_MATH = YES;
				SDKROOT = iphoneos;
				SWIFT_COMPILATION_MODE = wholemodule;
				SWIFT_OPTIMIZATION_LEVEL = "-O";
				VALIDATE_PRODUCT = YES;
			};
			name = Release;
		};
		CEBAAEB02A13E828001F59A6 /* Debug */ = {
			isa = XCBuildConfiguration;
			buildSettings = {
				ASSETCATALOG_COMPILER_APPICON_NAME = AppIcon;
				ASSETCATALOG_COMPILER_GLOBAL_ACCENT_COLOR_NAME = AccentColor;
				CODE_SIGN_STYLE = Automatic;
				CURRENT_PROJECT_VERSION = 1;
				DEVELOPMENT_TEAM = TWWBX6RB4S;
				GENERATE_INFOPLIST_FILE = YES;
				INFOPLIST_FILE = iShowTime/Info.plist;
				INFOPLIST_KEY_UIApplicationSupportsIndirectInputEvents = YES;
				INFOPLIST_KEY_UILaunchStoryboardName = LaunchScreen;
				INFOPLIST_KEY_UIStatusBarStyle = "";
				INFOPLIST_KEY_UISupportedInterfaceOrientations = UIInterfaceOrientationPortrait;
				INFOPLIST_KEY_UISupportedInterfaceOrientations_iPad = "UIInterfaceOrientationLandscapeLeft UIInterfaceOrientationLandscapeRight UIInterfaceOrientationPortrait UIInterfaceOrientationPortraitUpsideDown";
				IPHONEOS_DEPLOYMENT_TARGET = 16.0;
				LD_RUNPATH_SEARCH_PATHS = (
					"$(inherited)",
					"@executable_path/Frameworks",
				);
				MARKETING_VERSION = 1.0;
				PRODUCT_BUNDLE_IDENTIFIER = "Mark-Kovalchuk.iShowTime";
				PRODUCT_NAME = "$(TARGET_NAME)";
				SUPPORTED_PLATFORMS = "iphoneos iphonesimulator";
				SUPPORTS_MACCATALYST = NO;
				SUPPORTS_MAC_DESIGNED_FOR_IPHONE_IPAD = NO;
				SWIFT_EMIT_LOC_STRINGS = YES;
				SWIFT_VERSION = 5.0;
				TARGETED_DEVICE_FAMILY = 1;
			};
			name = Debug;
		};
		CEBAAEB12A13E828001F59A6 /* Release */ = {
			isa = XCBuildConfiguration;
			buildSettings = {
				ASSETCATALOG_COMPILER_APPICON_NAME = AppIcon;
				ASSETCATALOG_COMPILER_GLOBAL_ACCENT_COLOR_NAME = AccentColor;
				CODE_SIGN_STYLE = Automatic;
				CURRENT_PROJECT_VERSION = 1;
				DEVELOPMENT_TEAM = TWWBX6RB4S;
				GENERATE_INFOPLIST_FILE = YES;
				INFOPLIST_FILE = iShowTime/Info.plist;
				INFOPLIST_KEY_UIApplicationSupportsIndirectInputEvents = YES;
				INFOPLIST_KEY_UILaunchStoryboardName = LaunchScreen;
				INFOPLIST_KEY_UIStatusBarStyle = "";
				INFOPLIST_KEY_UISupportedInterfaceOrientations = UIInterfaceOrientationPortrait;
				INFOPLIST_KEY_UISupportedInterfaceOrientations_iPad = "UIInterfaceOrientationLandscapeLeft UIInterfaceOrientationLandscapeRight UIInterfaceOrientationPortrait UIInterfaceOrientationPortraitUpsideDown";
				IPHONEOS_DEPLOYMENT_TARGET = 16.0;
				LD_RUNPATH_SEARCH_PATHS = (
					"$(inherited)",
					"@executable_path/Frameworks",
				);
				MARKETING_VERSION = 1.0;
				PRODUCT_BUNDLE_IDENTIFIER = "Mark-Kovalchuk.iShowTime";
				PRODUCT_NAME = "$(TARGET_NAME)";
				SUPPORTED_PLATFORMS = "iphoneos iphonesimulator";
				SUPPORTS_MACCATALYST = NO;
				SUPPORTS_MAC_DESIGNED_FOR_IPHONE_IPAD = NO;
				SWIFT_EMIT_LOC_STRINGS = YES;
				SWIFT_VERSION = 5.0;
				TARGETED_DEVICE_FAMILY = 1;
			};
			name = Release;
		};
/* End XCBuildConfiguration section */

/* Begin XCConfigurationList section */
		CEBAAE962A13E823001F59A6 /* Build configuration list for PBXProject "iShowTime" */ = {
			isa = XCConfigurationList;
			buildConfigurations = (
				CEBAAEAD2A13E828001F59A6 /* Debug */,
				CEBAAEAE2A13E828001F59A6 /* Release */,
			);
			defaultConfigurationIsVisible = 0;
			defaultConfigurationName = Release;
		};
		CEBAAEAF2A13E828001F59A6 /* Build configuration list for PBXNativeTarget "iShowTime" */ = {
			isa = XCConfigurationList;
			buildConfigurations = (
				CEBAAEB02A13E828001F59A6 /* Debug */,
				CEBAAEB12A13E828001F59A6 /* Release */,
			);
			defaultConfigurationIsVisible = 0;
			defaultConfigurationName = Release;
		};
/* End XCConfigurationList section */

/* Begin XCRemoteSwiftPackageReference section */
		CEF455F52AAB2DED00D5A397 /* XCRemoteSwiftPackageReference "SwiftLint" */ = {
			isa = XCRemoteSwiftPackageReference;
			repositoryURL = "https://github.com/realm/SwiftLint";
			requirement = {
				kind = upToNextMajorVersion;
				minimumVersion = 0.52.4;
			};
		};
/* End XCRemoteSwiftPackageReference section */

/* Begin XCSwiftPackageProductDependency section */
		CEF455F62AAB2E0F00D5A397 /* SwiftLintPlugin */ = {
			isa = XCSwiftPackageProductDependency;
			package = CEF455F52AAB2DED00D5A397 /* XCRemoteSwiftPackageReference "SwiftLint" */;
			productName = "plugin:SwiftLintPlugin";
		};
/* End XCSwiftPackageProductDependency section */
	};
	rootObject = CEBAAE932A13E823001F59A6 /* Project object */;
}
